
Microsoft Visual Studio Solution File, Format Version 12.00
# Visual Studio Version 17
VisualStudioVersion = 17.1.32210.238
MinimumVisualStudioVersion = 10.0.40219.1
Project("{2150E333-8FDC-42A3-9474-1A3956D46DE8}") = "1 - Empresas", "1 - Empresas", "{D480F081-C74D-4E04-B6EE-22D381733E28}"
EndProject
Project("{2150E333-8FDC-42A3-9474-1A3956D46DE8}") = "2 - Clientes", "2 - Clientes", "{9B910863-B3EA-43ED-BA7B-A85B2D28E8F3}"
EndProject
Project("{2150E333-8FDC-42A3-9474-1A3956D46DE8}") = "3 - Produtos", "3 - Produtos", "{EA8A5B69-1C4E-4B1E-AE3A-D4C305C68EE7}"
EndProject
Project("{2150E333-8FDC-42A3-9474-1A3956D46DE8}") = "5 - Pedidos", "5 - Pedidos", "{427818EC-AD21-46C9-8CD2-EFE5B7CFF9C9}"
EndProject
Project("{9A19103F-16F7-4668-BE54-9A1E7A4F7556}") = "Octoplex.Empresas.Domain", "CK.Empresas.Domain\Octoplex.Empresas.Domain.csproj", "{73BD9141-D541-4402-A3CA-EDE59D56245F}"
EndProject
Project("{9A19103F-16F7-4668-BE54-9A1E7A4F7556}") = "Octoplex.Empresas.Infra.Data", "CK.Empresas.Infra.Data\Octoplex.Empresas.Infra.Data.csproj", "{E635F173-B045-419B-919A-EF69E52973BA}"
EndProject
Project("{9A19103F-16F7-4668-BE54-9A1E7A4F7556}") = "Octoplex.Clientes.Domain", "CK.Clientes.Domain\Octoplex.Clientes.Domain.csproj", "{447081DD-5DF1-4EA0-A21E-DB967AE35F98}"
EndProject
Project("{9A19103F-16F7-4668-BE54-9A1E7A4F7556}") = "Octoplex.Clientes.Infra.Data", "CK.Clientes.Infra.Data\Octoplex.Clientes.Infra.Data.csproj", "{8274B93E-6A9D-48E8-A799-F3457B4A4CD1}"
EndProject
Project("{9A19103F-16F7-4668-BE54-9A1E7A4F7556}") = "Octoplex.Pedidos.Domain", "CK.Pedidos.Domain\Octoplex.Pedidos.Domain.csproj", "{767C335A-3A6B-4C18-B1C1-388D293BF2D6}"
EndProject
Project("{9A19103F-16F7-4668-BE54-9A1E7A4F7556}") = "Octoplex.Pedidos.Infra.Data", "CK.Pedidos.Infra.Data\Octoplex.Pedidos.Infra.Data.csproj", "{9AE1B69C-881D-48AE-A56F-A784A6997B19}"
EndProject
Project("{9A19103F-16F7-4668-BE54-9A1E7A4F7556}") = "Octoplex.Produtos.Domain", "CK.Produtos.Domain\Octoplex.Produtos.Domain.csproj", "{865F368B-0133-40D9-A3D9-F995A9D7050B}"
EndProject
Project("{9A19103F-16F7-4668-BE54-9A1E7A4F7556}") = "Octoplex.Produtos.Infra.Data", "CK.Produtos.Infra.Data\Octoplex.Produtos.Infra.Data.csproj", "{3E6D30B4-0729-48B6-BBEE-7BAF3D5828D6}"
EndProject
Project("{9A19103F-16F7-4668-BE54-9A1E7A4F7556}") = "Octoplex.Clientes.WebAPI", "CK.Clientes.WebAPI\Octoplex.Clientes.WebAPI.csproj", "{E463569F-6065-43CC-B3C9-1DF5058FFA0D}"
EndProject
Project("{2150E333-8FDC-42A3-9474-1A3956D46DE8}") = "99 - General", "99 - General", "{E71DBA6A-B390-45D3-9D4C-28AB39C32974}"
EndProject
Project("{9A19103F-16F7-4668-BE54-9A1E7A4F7556}") = "Octoplex.Kernel", "CK.Kernel\Octoplex.Kernel.csproj", "{96ABC0F9-497D-4FDE-A8DC-4106E55D8AA7}"
EndProject
Project("{9A19103F-16F7-4668-BE54-9A1E7A4F7556}") = "Octoplex.Empresas.WebAPI", "CK.Empresas.WebAPI\Octoplex.Empresas.WebAPI.csproj", "{E9F0DC89-0C05-4313-A204-3D1448AB6668}"
EndProject
Project("{9A19103F-16F7-4668-BE54-9A1E7A4F7556}") = "Octoplex.Produtos.WebAPI", "CK.Produtos.WebAPI\Octoplex.Produtos.WebAPI.csproj", "{9FD80F70-5662-401F-A6B5-A8C1F5CA55C3}"
EndProject
Project("{9A19103F-16F7-4668-BE54-9A1E7A4F7556}") = "Octoplex.Pedidos.WebAPI", "CK.Pedidos.WebAPI\Octoplex.Pedidos.WebAPI.csproj", "{BAD176C9-454C-4F82-96D0-055E0B46821E}"
EndProject
Project("{2150E333-8FDC-42A3-9474-1A3956D46DE8}") = "4 - Impostos", "4 - Impostos", "{FF409245-B213-4419-B907-3A16C0D6A1EB}"
EndProject
Project("{9A19103F-16F7-4668-BE54-9A1E7A4F7556}") = "Octoplex.Impostos.Domain", "CK.Impostos.Domain\Octoplex.Impostos.Domain.csproj", "{8E435FE0-9CAC-4399-B0CA-C3E5A40E087A}"
EndProject
Project("{9A19103F-16F7-4668-BE54-9A1E7A4F7556}") = "Octoplex.Impostos.Infra.Data", "CK.Impostos.Infra.Data\Octoplex.Impostos.Infra.Data.csproj", "{D0D3F19C-A794-44B3-A367-E21373D69DD9}"
EndProject
Project("{9A19103F-16F7-4668-BE54-9A1E7A4F7556}") = "Octoplex.Impostos.WebAPI", "CK.Impostos.WebAPI\Octoplex.Impostos.WebAPI.csproj", "{ADCFD431-1013-4B5B-89F6-C3F623ABF086}"
EndProject
Project("{2150E333-8FDC-42A3-9474-1A3956D46DE8}") = "6 - Usuarios", "6 - Usuarios", "{830CF67F-37F5-48B0-B443-3408C7F4C55D}"
EndProject
Project("{9A19103F-16F7-4668-BE54-9A1E7A4F7556}") = "Octoplex.Usuarios.Domain", "CK.Users.Domain\Octoplex.Usuarios.Domain.csproj", "{7F150B37-D21A-40C4-86D2-A129E65AEF4E}"
EndProject
Project("{9A19103F-16F7-4668-BE54-9A1E7A4F7556}") = "Octoplex.Usuarios.Infra.Data", "CK.Usuarios.Infra.Data\Octoplex.Usuarios.Infra.Data.csproj", "{499AAC54-6552-4CF1-9964-5C5ED73CBD3B}"
EndProject
Project("{9A19103F-16F7-4668-BE54-9A1E7A4F7556}") = "Octoplex.Usuarios.WebAPI", "CK.Usuarios.WebAPI\Octoplex.Usuarios.WebAPI.csproj", "{A0FABBF3-4CA9-4B32-A200-D009D407838E}"
EndProject
Project("{9A19103F-16F7-4668-BE54-9A1E7A4F7556}") = "Octoplex.Usuarios.Web.Application", "CK.Usuarios.Web.Application\Octoplex.Usuarios.Web.Application.csproj", "{FBD0F293-E011-4A1B-B697-750D271A1017}"
EndProject
Project("{9A19103F-16F7-4668-BE54-9A1E7A4F7556}") = "Octoplex.Clientes.Web.Application", "CK.Clientes.Web.Application\Octoplex.Clientes.Web.Application.csproj", "{9982217B-8C6D-4643-9225-99D33A4E1ABE}"
EndProject
Project("{9A19103F-16F7-4668-BE54-9A1E7A4F7556}") = "Octoplex.Produtos.Web.Application", "CK.Produtos.Web.Application\Octoplex.Produtos.Web.Application.csproj", "{9B438AD2-C654-4C96-B6D8-22C96D21DD82}"
EndProject
Project("{9A19103F-16F7-4668-BE54-9A1E7A4F7556}") = "Octoplex.Pedidos.Web.Application", "CK.Pedidos.Web.Application\Octoplex.Pedidos.Web.Application.csproj", "{DAA4538C-12C0-40F1-AE81-79B8D01AF27F}"
EndProject
Project("{2150E333-8FDC-42A3-9474-1A3956D46DE8}") = "7 - NFe", "7 - NFe", "{42084072-C545-4EE1-970B-E5690E23A2F6}"
EndProject
Project("{9A19103F-16F7-4668-BE54-9A1E7A4F7556}") = "Octoplex.NFe.Domain", "CK.NFe.Domain\Octoplex.NFe.Domain.csproj", "{815D0679-23E2-49BA-BD71-F28570DDA121}"
EndProject
Project("{9A19103F-16F7-4668-BE54-9A1E7A4F7556}") = "Octoplex.NFe.Infra.Data", "CK.NFe.Infra.Data\Octoplex.NFe.Infra.Data.csproj", "{F9A6A8DC-B548-496C-99D3-E34765E5E79A}"
EndProject
Project("{9A19103F-16F7-4668-BE54-9A1E7A4F7556}") = "Octoplex.NFe.Web.Application", "CK.NFe.Web.Application\Octoplex.NFe.Web.Application.csproj", "{204E71C3-F104-4876-8A47-7B9F06BF2987}"
EndProject
Project("{2150E333-8FDC-42A3-9474-1A3956D46DE8}") = "Tests", "Tests", "{9EB0545E-18ED-4291-9047-48A33D34C01C}"
EndProject
Project("{2150E333-8FDC-42A3-9474-1A3956D46DE8}") = "Application", "Application", "{E5E4F9C5-0D05-4168-BFB9-C65604A54E1C}"
EndProject
Project("{9A19103F-16F7-4668-BE54-9A1E7A4F7556}") = "TestProdutos", "TestProdutos\TestProdutos.csproj", "{22145DC5-1303-4A07-A61B-6B56E5EC0980}"
EndProject
Project("{2150E333-8FDC-42A3-9474-1A3956D46DE8}") = "Tests", "Tests", "{A7FD2459-6FD5-4D1D-9410-E994ABAFF189}"
EndProject
Project("{2150E333-8FDC-42A3-9474-1A3956D46DE8}") = "Tests", "Tests", "{34F24B28-6D9E-4D09-8A76-67D8E0E67C6A}"
EndProject
Project("{2150E333-8FDC-42A3-9474-1A3956D46DE8}") = "Tests", "Tests", "{CA09CBB2-F3D4-43DA-8635-9A79895C1E01}"
EndProject
Project("{2150E333-8FDC-42A3-9474-1A3956D46DE8}") = "Tests", "Tests", "{21710D10-CBBF-48F7-92A1-583322E3B9EB}"
EndProject
Project("{2150E333-8FDC-42A3-9474-1A3956D46DE8}") = "Tests", "Tests", "{2649F94D-C568-4606-9B6E-BF6C215214DB}"
EndProject
Project("{2150E333-8FDC-42A3-9474-1A3956D46DE8}") = "Tests", "Tests", "{3DF9D6DF-3BF5-47A6-B6EE-CA2ADDEFE50F}"
EndProject
Project("{2150E333-8FDC-42A3-9474-1A3956D46DE8}") = "Application", "Application", "{8E1F3D64-7A23-46CC-A38C-D4BDC95E74AF}"
EndProject
Project("{9A19103F-16F7-4668-BE54-9A1E7A4F7556}") = "TestEmpresas", "TestEmpresa\TestEmpresas.csproj", "{E66EFBB0-3B07-4526-8EAC-C72366450684}"
EndProject
Project("{2150E333-8FDC-42A3-9474-1A3956D46DE8}") = "Application", "Application", "{A5214E94-3129-4B9D-9A60-F30A536A065B}"
EndProject
Project("{9A19103F-16F7-4668-BE54-9A1E7A4F7556}") = "TestClientes", "TestClientes\TestClientes.csproj", "{AD28B155-1312-470E-8E7F-F2CED76F8139}"
EndProject
Project("{2150E333-8FDC-42A3-9474-1A3956D46DE8}") = "Application", "Application", "{0E77B217-B1B7-40C3-87F1-7FFAA9EAB0AF}"
EndProject
Project("{9A19103F-16F7-4668-BE54-9A1E7A4F7556}") = "TestPedidos", "TestPedidos\TestPedidos.csproj", "{FCB168AC-7372-40BD-A45B-C8136D371BFB}"
EndProject
Project("{2150E333-8FDC-42A3-9474-1A3956D46DE8}") = "Application", "Application", "{2A13155D-D283-407B-8FC7-D483359727CE}"
EndProject
Project("{9A19103F-16F7-4668-BE54-9A1E7A4F7556}") = "TestUsuarios", "TestUsuarios\TestUsuarios.csproj", "{CDB94DDE-FFAD-4A72-B366-17E552C1EB37}"
EndProject
Project("{2150E333-8FDC-42A3-9474-1A3956D46DE8}") = "Application", "Application", "{2D97223B-00BA-49CC-AD38-63472145DDA5}"
EndProject
Project("{9A19103F-16F7-4668-BE54-9A1E7A4F7556}") = "TestNFe", "TestNFe\TestNFe.csproj", "{5F691CE0-090B-4158-B266-9925E85CEC99}"
EndProject
Project("{9A19103F-16F7-4668-BE54-9A1E7A4F7556}") = "Octoplex.Impostos.Web.Application", "CK.Imposto.Web.Application\Octoplex.Impostos.Web.Application.csproj", "{75C9F8AB-8BE8-4AD7-970F-42AF0B3BB2C2}"
EndProject
Global
	GlobalSection(SolutionConfigurationPlatforms) = preSolution
		Debug|Any CPU = Debug|Any CPU
		Debug|ARM = Debug|ARM
		Debug|ARM64 = Debug|ARM64
		Debug|x64 = Debug|x64
		Debug|x86 = Debug|x86
		Release|Any CPU = Release|Any CPU
		Release|ARM = Release|ARM
		Release|ARM64 = Release|ARM64
		Release|x64 = Release|x64
		Release|x86 = Release|x86
	EndGlobalSection
	GlobalSection(ProjectConfigurationPlatforms) = postSolution
		{73BD9141-D541-4402-A3CA-EDE59D56245F}.Debug|Any CPU.ActiveCfg = Debug|Any CPU
		{73BD9141-D541-4402-A3CA-EDE59D56245F}.Debug|Any CPU.Build.0 = Debug|Any CPU
		{73BD9141-D541-4402-A3CA-EDE59D56245F}.Debug|ARM.ActiveCfg = Debug|Any CPU
		{73BD9141-D541-4402-A3CA-EDE59D56245F}.Debug|ARM.Build.0 = Debug|Any CPU
		{73BD9141-D541-4402-A3CA-EDE59D56245F}.Debug|ARM64.ActiveCfg = Debug|Any CPU
		{73BD9141-D541-4402-A3CA-EDE59D56245F}.Debug|ARM64.Build.0 = Debug|Any CPU
		{73BD9141-D541-4402-A3CA-EDE59D56245F}.Debug|x64.ActiveCfg = Debug|Any CPU
		{73BD9141-D541-4402-A3CA-EDE59D56245F}.Debug|x64.Build.0 = Debug|Any CPU
		{73BD9141-D541-4402-A3CA-EDE59D56245F}.Debug|x86.ActiveCfg = Debug|Any CPU
		{73BD9141-D541-4402-A3CA-EDE59D56245F}.Debug|x86.Build.0 = Debug|Any CPU
		{73BD9141-D541-4402-A3CA-EDE59D56245F}.Release|Any CPU.ActiveCfg = Release|Any CPU
		{73BD9141-D541-4402-A3CA-EDE59D56245F}.Release|Any CPU.Build.0 = Release|Any CPU
		{73BD9141-D541-4402-A3CA-EDE59D56245F}.Release|ARM.ActiveCfg = Release|Any CPU
		{73BD9141-D541-4402-A3CA-EDE59D56245F}.Release|ARM.Build.0 = Release|Any CPU
		{73BD9141-D541-4402-A3CA-EDE59D56245F}.Release|ARM64.ActiveCfg = Release|Any CPU
		{73BD9141-D541-4402-A3CA-EDE59D56245F}.Release|ARM64.Build.0 = Release|Any CPU
		{73BD9141-D541-4402-A3CA-EDE59D56245F}.Release|x64.ActiveCfg = Release|Any CPU
		{73BD9141-D541-4402-A3CA-EDE59D56245F}.Release|x64.Build.0 = Release|Any CPU
		{73BD9141-D541-4402-A3CA-EDE59D56245F}.Release|x86.ActiveCfg = Release|Any CPU
		{73BD9141-D541-4402-A3CA-EDE59D56245F}.Release|x86.Build.0 = Release|Any CPU
		{E635F173-B045-419B-919A-EF69E52973BA}.Debug|Any CPU.ActiveCfg = Debug|Any CPU
		{E635F173-B045-419B-919A-EF69E52973BA}.Debug|Any CPU.Build.0 = Debug|Any CPU
		{E635F173-B045-419B-919A-EF69E52973BA}.Debug|ARM.ActiveCfg = Debug|Any CPU
		{E635F173-B045-419B-919A-EF69E52973BA}.Debug|ARM.Build.0 = Debug|Any CPU
		{E635F173-B045-419B-919A-EF69E52973BA}.Debug|ARM64.ActiveCfg = Debug|Any CPU
		{E635F173-B045-419B-919A-EF69E52973BA}.Debug|ARM64.Build.0 = Debug|Any CPU
		{E635F173-B045-419B-919A-EF69E52973BA}.Debug|x64.ActiveCfg = Debug|Any CPU
		{E635F173-B045-419B-919A-EF69E52973BA}.Debug|x64.Build.0 = Debug|Any CPU
		{E635F173-B045-419B-919A-EF69E52973BA}.Debug|x86.ActiveCfg = Debug|Any CPU
		{E635F173-B045-419B-919A-EF69E52973BA}.Debug|x86.Build.0 = Debug|Any CPU
		{E635F173-B045-419B-919A-EF69E52973BA}.Release|Any CPU.ActiveCfg = Release|Any CPU
		{E635F173-B045-419B-919A-EF69E52973BA}.Release|Any CPU.Build.0 = Release|Any CPU
		{E635F173-B045-419B-919A-EF69E52973BA}.Release|ARM.ActiveCfg = Release|Any CPU
		{E635F173-B045-419B-919A-EF69E52973BA}.Release|ARM.Build.0 = Release|Any CPU
		{E635F173-B045-419B-919A-EF69E52973BA}.Release|ARM64.ActiveCfg = Release|Any CPU
		{E635F173-B045-419B-919A-EF69E52973BA}.Release|ARM64.Build.0 = Release|Any CPU
		{E635F173-B045-419B-919A-EF69E52973BA}.Release|x64.ActiveCfg = Release|Any CPU
		{E635F173-B045-419B-919A-EF69E52973BA}.Release|x64.Build.0 = Release|Any CPU
		{E635F173-B045-419B-919A-EF69E52973BA}.Release|x86.ActiveCfg = Release|Any CPU
		{E635F173-B045-419B-919A-EF69E52973BA}.Release|x86.Build.0 = Release|Any CPU
		{447081DD-5DF1-4EA0-A21E-DB967AE35F98}.Debug|Any CPU.ActiveCfg = Debug|Any CPU
		{447081DD-5DF1-4EA0-A21E-DB967AE35F98}.Debug|Any CPU.Build.0 = Debug|Any CPU
		{447081DD-5DF1-4EA0-A21E-DB967AE35F98}.Debug|ARM.ActiveCfg = Debug|Any CPU
		{447081DD-5DF1-4EA0-A21E-DB967AE35F98}.Debug|ARM.Build.0 = Debug|Any CPU
		{447081DD-5DF1-4EA0-A21E-DB967AE35F98}.Debug|ARM64.ActiveCfg = Debug|Any CPU
		{447081DD-5DF1-4EA0-A21E-DB967AE35F98}.Debug|ARM64.Build.0 = Debug|Any CPU
		{447081DD-5DF1-4EA0-A21E-DB967AE35F98}.Debug|x64.ActiveCfg = Debug|Any CPU
		{447081DD-5DF1-4EA0-A21E-DB967AE35F98}.Debug|x64.Build.0 = Debug|Any CPU
		{447081DD-5DF1-4EA0-A21E-DB967AE35F98}.Debug|x86.ActiveCfg = Debug|Any CPU
		{447081DD-5DF1-4EA0-A21E-DB967AE35F98}.Debug|x86.Build.0 = Debug|Any CPU
		{447081DD-5DF1-4EA0-A21E-DB967AE35F98}.Release|Any CPU.ActiveCfg = Release|Any CPU
		{447081DD-5DF1-4EA0-A21E-DB967AE35F98}.Release|Any CPU.Build.0 = Release|Any CPU
		{447081DD-5DF1-4EA0-A21E-DB967AE35F98}.Release|ARM.ActiveCfg = Release|Any CPU
		{447081DD-5DF1-4EA0-A21E-DB967AE35F98}.Release|ARM.Build.0 = Release|Any CPU
		{447081DD-5DF1-4EA0-A21E-DB967AE35F98}.Release|ARM64.ActiveCfg = Release|Any CPU
		{447081DD-5DF1-4EA0-A21E-DB967AE35F98}.Release|ARM64.Build.0 = Release|Any CPU
		{447081DD-5DF1-4EA0-A21E-DB967AE35F98}.Release|x64.ActiveCfg = Release|Any CPU
		{447081DD-5DF1-4EA0-A21E-DB967AE35F98}.Release|x64.Build.0 = Release|Any CPU
		{447081DD-5DF1-4EA0-A21E-DB967AE35F98}.Release|x86.ActiveCfg = Release|Any CPU
		{447081DD-5DF1-4EA0-A21E-DB967AE35F98}.Release|x86.Build.0 = Release|Any CPU
		{8274B93E-6A9D-48E8-A799-F3457B4A4CD1}.Debug|Any CPU.ActiveCfg = Debug|Any CPU
		{8274B93E-6A9D-48E8-A799-F3457B4A4CD1}.Debug|Any CPU.Build.0 = Debug|Any CPU
		{8274B93E-6A9D-48E8-A799-F3457B4A4CD1}.Debug|ARM.ActiveCfg = Debug|Any CPU
		{8274B93E-6A9D-48E8-A799-F3457B4A4CD1}.Debug|ARM.Build.0 = Debug|Any CPU
		{8274B93E-6A9D-48E8-A799-F3457B4A4CD1}.Debug|ARM64.ActiveCfg = Debug|Any CPU
		{8274B93E-6A9D-48E8-A799-F3457B4A4CD1}.Debug|ARM64.Build.0 = Debug|Any CPU
		{8274B93E-6A9D-48E8-A799-F3457B4A4CD1}.Debug|x64.ActiveCfg = Debug|Any CPU
		{8274B93E-6A9D-48E8-A799-F3457B4A4CD1}.Debug|x64.Build.0 = Debug|Any CPU
		{8274B93E-6A9D-48E8-A799-F3457B4A4CD1}.Debug|x86.ActiveCfg = Debug|Any CPU
		{8274B93E-6A9D-48E8-A799-F3457B4A4CD1}.Debug|x86.Build.0 = Debug|Any CPU
		{8274B93E-6A9D-48E8-A799-F3457B4A4CD1}.Release|Any CPU.ActiveCfg = Release|Any CPU
		{8274B93E-6A9D-48E8-A799-F3457B4A4CD1}.Release|Any CPU.Build.0 = Release|Any CPU
		{8274B93E-6A9D-48E8-A799-F3457B4A4CD1}.Release|ARM.ActiveCfg = Release|Any CPU
		{8274B93E-6A9D-48E8-A799-F3457B4A4CD1}.Release|ARM.Build.0 = Release|Any CPU
		{8274B93E-6A9D-48E8-A799-F3457B4A4CD1}.Release|ARM64.ActiveCfg = Release|Any CPU
		{8274B93E-6A9D-48E8-A799-F3457B4A4CD1}.Release|ARM64.Build.0 = Release|Any CPU
		{8274B93E-6A9D-48E8-A799-F3457B4A4CD1}.Release|x64.ActiveCfg = Release|Any CPU
		{8274B93E-6A9D-48E8-A799-F3457B4A4CD1}.Release|x64.Build.0 = Release|Any CPU
		{8274B93E-6A9D-48E8-A799-F3457B4A4CD1}.Release|x86.ActiveCfg = Release|Any CPU
		{8274B93E-6A9D-48E8-A799-F3457B4A4CD1}.Release|x86.Build.0 = Release|Any CPU
		{767C335A-3A6B-4C18-B1C1-388D293BF2D6}.Debug|Any CPU.ActiveCfg = Debug|Any CPU
		{767C335A-3A6B-4C18-B1C1-388D293BF2D6}.Debug|Any CPU.Build.0 = Debug|Any CPU
		{767C335A-3A6B-4C18-B1C1-388D293BF2D6}.Debug|ARM.ActiveCfg = Debug|Any CPU
		{767C335A-3A6B-4C18-B1C1-388D293BF2D6}.Debug|ARM.Build.0 = Debug|Any CPU
		{767C335A-3A6B-4C18-B1C1-388D293BF2D6}.Debug|ARM64.ActiveCfg = Debug|Any CPU
		{767C335A-3A6B-4C18-B1C1-388D293BF2D6}.Debug|ARM64.Build.0 = Debug|Any CPU
		{767C335A-3A6B-4C18-B1C1-388D293BF2D6}.Debug|x64.ActiveCfg = Debug|Any CPU
		{767C335A-3A6B-4C18-B1C1-388D293BF2D6}.Debug|x64.Build.0 = Debug|Any CPU
		{767C335A-3A6B-4C18-B1C1-388D293BF2D6}.Debug|x86.ActiveCfg = Debug|Any CPU
		{767C335A-3A6B-4C18-B1C1-388D293BF2D6}.Debug|x86.Build.0 = Debug|Any CPU
		{767C335A-3A6B-4C18-B1C1-388D293BF2D6}.Release|Any CPU.ActiveCfg = Release|Any CPU
		{767C335A-3A6B-4C18-B1C1-388D293BF2D6}.Release|Any CPU.Build.0 = Release|Any CPU
		{767C335A-3A6B-4C18-B1C1-388D293BF2D6}.Release|ARM.ActiveCfg = Release|Any CPU
		{767C335A-3A6B-4C18-B1C1-388D293BF2D6}.Release|ARM.Build.0 = Release|Any CPU
		{767C335A-3A6B-4C18-B1C1-388D293BF2D6}.Release|ARM64.ActiveCfg = Release|Any CPU
		{767C335A-3A6B-4C18-B1C1-388D293BF2D6}.Release|ARM64.Build.0 = Release|Any CPU
		{767C335A-3A6B-4C18-B1C1-388D293BF2D6}.Release|x64.ActiveCfg = Release|Any CPU
		{767C335A-3A6B-4C18-B1C1-388D293BF2D6}.Release|x64.Build.0 = Release|Any CPU
		{767C335A-3A6B-4C18-B1C1-388D293BF2D6}.Release|x86.ActiveCfg = Release|Any CPU
		{767C335A-3A6B-4C18-B1C1-388D293BF2D6}.Release|x86.Build.0 = Release|Any CPU
		{9AE1B69C-881D-48AE-A56F-A784A6997B19}.Debug|Any CPU.ActiveCfg = Debug|Any CPU
		{9AE1B69C-881D-48AE-A56F-A784A6997B19}.Debug|Any CPU.Build.0 = Debug|Any CPU
		{9AE1B69C-881D-48AE-A56F-A784A6997B19}.Debug|ARM.ActiveCfg = Debug|Any CPU
		{9AE1B69C-881D-48AE-A56F-A784A6997B19}.Debug|ARM.Build.0 = Debug|Any CPU
		{9AE1B69C-881D-48AE-A56F-A784A6997B19}.Debug|ARM64.ActiveCfg = Debug|Any CPU
		{9AE1B69C-881D-48AE-A56F-A784A6997B19}.Debug|ARM64.Build.0 = Debug|Any CPU
		{9AE1B69C-881D-48AE-A56F-A784A6997B19}.Debug|x64.ActiveCfg = Debug|Any CPU
		{9AE1B69C-881D-48AE-A56F-A784A6997B19}.Debug|x64.Build.0 = Debug|Any CPU
		{9AE1B69C-881D-48AE-A56F-A784A6997B19}.Debug|x86.ActiveCfg = Debug|Any CPU
		{9AE1B69C-881D-48AE-A56F-A784A6997B19}.Debug|x86.Build.0 = Debug|Any CPU
		{9AE1B69C-881D-48AE-A56F-A784A6997B19}.Release|Any CPU.ActiveCfg = Release|Any CPU
		{9AE1B69C-881D-48AE-A56F-A784A6997B19}.Release|Any CPU.Build.0 = Release|Any CPU
		{9AE1B69C-881D-48AE-A56F-A784A6997B19}.Release|ARM.ActiveCfg = Release|Any CPU
		{9AE1B69C-881D-48AE-A56F-A784A6997B19}.Release|ARM.Build.0 = Release|Any CPU
		{9AE1B69C-881D-48AE-A56F-A784A6997B19}.Release|ARM64.ActiveCfg = Release|Any CPU
		{9AE1B69C-881D-48AE-A56F-A784A6997B19}.Release|ARM64.Build.0 = Release|Any CPU
		{9AE1B69C-881D-48AE-A56F-A784A6997B19}.Release|x64.ActiveCfg = Release|Any CPU
		{9AE1B69C-881D-48AE-A56F-A784A6997B19}.Release|x64.Build.0 = Release|Any CPU
		{9AE1B69C-881D-48AE-A56F-A784A6997B19}.Release|x86.ActiveCfg = Release|Any CPU
		{9AE1B69C-881D-48AE-A56F-A784A6997B19}.Release|x86.Build.0 = Release|Any CPU
		{865F368B-0133-40D9-A3D9-F995A9D7050B}.Debug|Any CPU.ActiveCfg = Debug|Any CPU
		{865F368B-0133-40D9-A3D9-F995A9D7050B}.Debug|Any CPU.Build.0 = Debug|Any CPU
		{865F368B-0133-40D9-A3D9-F995A9D7050B}.Debug|ARM.ActiveCfg = Debug|Any CPU
		{865F368B-0133-40D9-A3D9-F995A9D7050B}.Debug|ARM.Build.0 = Debug|Any CPU
		{865F368B-0133-40D9-A3D9-F995A9D7050B}.Debug|ARM64.ActiveCfg = Debug|Any CPU
		{865F368B-0133-40D9-A3D9-F995A9D7050B}.Debug|ARM64.Build.0 = Debug|Any CPU
		{865F368B-0133-40D9-A3D9-F995A9D7050B}.Debug|x64.ActiveCfg = Debug|Any CPU
		{865F368B-0133-40D9-A3D9-F995A9D7050B}.Debug|x64.Build.0 = Debug|Any CPU
		{865F368B-0133-40D9-A3D9-F995A9D7050B}.Debug|x86.ActiveCfg = Debug|Any CPU
		{865F368B-0133-40D9-A3D9-F995A9D7050B}.Debug|x86.Build.0 = Debug|Any CPU
		{865F368B-0133-40D9-A3D9-F995A9D7050B}.Release|Any CPU.ActiveCfg = Release|Any CPU
		{865F368B-0133-40D9-A3D9-F995A9D7050B}.Release|Any CPU.Build.0 = Release|Any CPU
		{865F368B-0133-40D9-A3D9-F995A9D7050B}.Release|ARM.ActiveCfg = Release|Any CPU
		{865F368B-0133-40D9-A3D9-F995A9D7050B}.Release|ARM.Build.0 = Release|Any CPU
		{865F368B-0133-40D9-A3D9-F995A9D7050B}.Release|ARM64.ActiveCfg = Release|Any CPU
		{865F368B-0133-40D9-A3D9-F995A9D7050B}.Release|ARM64.Build.0 = Release|Any CPU
		{865F368B-0133-40D9-A3D9-F995A9D7050B}.Release|x64.ActiveCfg = Release|Any CPU
		{865F368B-0133-40D9-A3D9-F995A9D7050B}.Release|x64.Build.0 = Release|Any CPU
		{865F368B-0133-40D9-A3D9-F995A9D7050B}.Release|x86.ActiveCfg = Release|Any CPU
		{865F368B-0133-40D9-A3D9-F995A9D7050B}.Release|x86.Build.0 = Release|Any CPU
		{3E6D30B4-0729-48B6-BBEE-7BAF3D5828D6}.Debug|Any CPU.ActiveCfg = Debug|Any CPU
		{3E6D30B4-0729-48B6-BBEE-7BAF3D5828D6}.Debug|Any CPU.Build.0 = Debug|Any CPU
		{3E6D30B4-0729-48B6-BBEE-7BAF3D5828D6}.Debug|ARM.ActiveCfg = Debug|Any CPU
		{3E6D30B4-0729-48B6-BBEE-7BAF3D5828D6}.Debug|ARM.Build.0 = Debug|Any CPU
		{3E6D30B4-0729-48B6-BBEE-7BAF3D5828D6}.Debug|ARM64.ActiveCfg = Debug|Any CPU
		{3E6D30B4-0729-48B6-BBEE-7BAF3D5828D6}.Debug|ARM64.Build.0 = Debug|Any CPU
		{3E6D30B4-0729-48B6-BBEE-7BAF3D5828D6}.Debug|x64.ActiveCfg = Debug|Any CPU
		{3E6D30B4-0729-48B6-BBEE-7BAF3D5828D6}.Debug|x64.Build.0 = Debug|Any CPU
		{3E6D30B4-0729-48B6-BBEE-7BAF3D5828D6}.Debug|x86.ActiveCfg = Debug|Any CPU
		{3E6D30B4-0729-48B6-BBEE-7BAF3D5828D6}.Debug|x86.Build.0 = Debug|Any CPU
		{3E6D30B4-0729-48B6-BBEE-7BAF3D5828D6}.Release|Any CPU.ActiveCfg = Release|Any CPU
		{3E6D30B4-0729-48B6-BBEE-7BAF3D5828D6}.Release|Any CPU.Build.0 = Release|Any CPU
		{3E6D30B4-0729-48B6-BBEE-7BAF3D5828D6}.Release|ARM.ActiveCfg = Release|Any CPU
		{3E6D30B4-0729-48B6-BBEE-7BAF3D5828D6}.Release|ARM.Build.0 = Release|Any CPU
		{3E6D30B4-0729-48B6-BBEE-7BAF3D5828D6}.Release|ARM64.ActiveCfg = Release|Any CPU
		{3E6D30B4-0729-48B6-BBEE-7BAF3D5828D6}.Release|ARM64.Build.0 = Release|Any CPU
		{3E6D30B4-0729-48B6-BBEE-7BAF3D5828D6}.Release|x64.ActiveCfg = Release|Any CPU
		{3E6D30B4-0729-48B6-BBEE-7BAF3D5828D6}.Release|x64.Build.0 = Release|Any CPU
		{3E6D30B4-0729-48B6-BBEE-7BAF3D5828D6}.Release|x86.ActiveCfg = Release|Any CPU
		{3E6D30B4-0729-48B6-BBEE-7BAF3D5828D6}.Release|x86.Build.0 = Release|Any CPU
		{E463569F-6065-43CC-B3C9-1DF5058FFA0D}.Debug|Any CPU.ActiveCfg = Debug|Any CPU
		{E463569F-6065-43CC-B3C9-1DF5058FFA0D}.Debug|Any CPU.Build.0 = Debug|Any CPU
		{E463569F-6065-43CC-B3C9-1DF5058FFA0D}.Debug|ARM.ActiveCfg = Debug|Any CPU
		{E463569F-6065-43CC-B3C9-1DF5058FFA0D}.Debug|ARM.Build.0 = Debug|Any CPU
		{E463569F-6065-43CC-B3C9-1DF5058FFA0D}.Debug|ARM64.ActiveCfg = Debug|Any CPU
		{E463569F-6065-43CC-B3C9-1DF5058FFA0D}.Debug|ARM64.Build.0 = Debug|Any CPU
		{E463569F-6065-43CC-B3C9-1DF5058FFA0D}.Debug|x64.ActiveCfg = Debug|Any CPU
		{E463569F-6065-43CC-B3C9-1DF5058FFA0D}.Debug|x64.Build.0 = Debug|Any CPU
		{E463569F-6065-43CC-B3C9-1DF5058FFA0D}.Debug|x86.ActiveCfg = Debug|Any CPU
		{E463569F-6065-43CC-B3C9-1DF5058FFA0D}.Debug|x86.Build.0 = Debug|Any CPU
		{E463569F-6065-43CC-B3C9-1DF5058FFA0D}.Release|Any CPU.ActiveCfg = Release|Any CPU
		{E463569F-6065-43CC-B3C9-1DF5058FFA0D}.Release|Any CPU.Build.0 = Release|Any CPU
		{E463569F-6065-43CC-B3C9-1DF5058FFA0D}.Release|ARM.ActiveCfg = Release|Any CPU
		{E463569F-6065-43CC-B3C9-1DF5058FFA0D}.Release|ARM.Build.0 = Release|Any CPU
		{E463569F-6065-43CC-B3C9-1DF5058FFA0D}.Release|ARM64.ActiveCfg = Release|Any CPU
		{E463569F-6065-43CC-B3C9-1DF5058FFA0D}.Release|ARM64.Build.0 = Release|Any CPU
		{E463569F-6065-43CC-B3C9-1DF5058FFA0D}.Release|x64.ActiveCfg = Release|Any CPU
		{E463569F-6065-43CC-B3C9-1DF5058FFA0D}.Release|x64.Build.0 = Release|Any CPU
		{E463569F-6065-43CC-B3C9-1DF5058FFA0D}.Release|x86.ActiveCfg = Release|Any CPU
		{E463569F-6065-43CC-B3C9-1DF5058FFA0D}.Release|x86.Build.0 = Release|Any CPU
		{96ABC0F9-497D-4FDE-A8DC-4106E55D8AA7}.Debug|Any CPU.ActiveCfg = Debug|Any CPU
		{96ABC0F9-497D-4FDE-A8DC-4106E55D8AA7}.Debug|Any CPU.Build.0 = Debug|Any CPU
		{96ABC0F9-497D-4FDE-A8DC-4106E55D8AA7}.Debug|ARM.ActiveCfg = Debug|Any CPU
		{96ABC0F9-497D-4FDE-A8DC-4106E55D8AA7}.Debug|ARM.Build.0 = Debug|Any CPU
		{96ABC0F9-497D-4FDE-A8DC-4106E55D8AA7}.Debug|ARM64.ActiveCfg = Debug|Any CPU
		{96ABC0F9-497D-4FDE-A8DC-4106E55D8AA7}.Debug|ARM64.Build.0 = Debug|Any CPU
		{96ABC0F9-497D-4FDE-A8DC-4106E55D8AA7}.Debug|x64.ActiveCfg = Debug|Any CPU
		{96ABC0F9-497D-4FDE-A8DC-4106E55D8AA7}.Debug|x64.Build.0 = Debug|Any CPU
		{96ABC0F9-497D-4FDE-A8DC-4106E55D8AA7}.Debug|x86.ActiveCfg = Debug|Any CPU
		{96ABC0F9-497D-4FDE-A8DC-4106E55D8AA7}.Debug|x86.Build.0 = Debug|Any CPU
		{96ABC0F9-497D-4FDE-A8DC-4106E55D8AA7}.Release|Any CPU.ActiveCfg = Release|Any CPU
		{96ABC0F9-497D-4FDE-A8DC-4106E55D8AA7}.Release|Any CPU.Build.0 = Release|Any CPU
		{96ABC0F9-497D-4FDE-A8DC-4106E55D8AA7}.Release|ARM.ActiveCfg = Release|Any CPU
		{96ABC0F9-497D-4FDE-A8DC-4106E55D8AA7}.Release|ARM.Build.0 = Release|Any CPU
		{96ABC0F9-497D-4FDE-A8DC-4106E55D8AA7}.Release|ARM64.ActiveCfg = Release|Any CPU
		{96ABC0F9-497D-4FDE-A8DC-4106E55D8AA7}.Release|ARM64.Build.0 = Release|Any CPU
		{96ABC0F9-497D-4FDE-A8DC-4106E55D8AA7}.Release|x64.ActiveCfg = Release|Any CPU
		{96ABC0F9-497D-4FDE-A8DC-4106E55D8AA7}.Release|x64.Build.0 = Release|Any CPU
		{96ABC0F9-497D-4FDE-A8DC-4106E55D8AA7}.Release|x86.ActiveCfg = Release|Any CPU
		{96ABC0F9-497D-4FDE-A8DC-4106E55D8AA7}.Release|x86.Build.0 = Release|Any CPU
		{E9F0DC89-0C05-4313-A204-3D1448AB6668}.Debug|Any CPU.ActiveCfg = Debug|Any CPU
		{E9F0DC89-0C05-4313-A204-3D1448AB6668}.Debug|Any CPU.Build.0 = Debug|Any CPU
		{E9F0DC89-0C05-4313-A204-3D1448AB6668}.Debug|ARM.ActiveCfg = Debug|Any CPU
		{E9F0DC89-0C05-4313-A204-3D1448AB6668}.Debug|ARM.Build.0 = Debug|Any CPU
		{E9F0DC89-0C05-4313-A204-3D1448AB6668}.Debug|ARM64.ActiveCfg = Debug|Any CPU
		{E9F0DC89-0C05-4313-A204-3D1448AB6668}.Debug|ARM64.Build.0 = Debug|Any CPU
		{E9F0DC89-0C05-4313-A204-3D1448AB6668}.Debug|x64.ActiveCfg = Debug|Any CPU
		{E9F0DC89-0C05-4313-A204-3D1448AB6668}.Debug|x64.Build.0 = Debug|Any CPU
		{E9F0DC89-0C05-4313-A204-3D1448AB6668}.Debug|x86.ActiveCfg = Debug|Any CPU
		{E9F0DC89-0C05-4313-A204-3D1448AB6668}.Debug|x86.Build.0 = Debug|Any CPU
		{E9F0DC89-0C05-4313-A204-3D1448AB6668}.Release|Any CPU.ActiveCfg = Release|Any CPU
		{E9F0DC89-0C05-4313-A204-3D1448AB6668}.Release|Any CPU.Build.0 = Release|Any CPU
		{E9F0DC89-0C05-4313-A204-3D1448AB6668}.Release|ARM.ActiveCfg = Release|Any CPU
		{E9F0DC89-0C05-4313-A204-3D1448AB6668}.Release|ARM.Build.0 = Release|Any CPU
		{E9F0DC89-0C05-4313-A204-3D1448AB6668}.Release|ARM64.ActiveCfg = Release|Any CPU
		{E9F0DC89-0C05-4313-A204-3D1448AB6668}.Release|ARM64.Build.0 = Release|Any CPU
		{E9F0DC89-0C05-4313-A204-3D1448AB6668}.Release|x64.ActiveCfg = Release|Any CPU
		{E9F0DC89-0C05-4313-A204-3D1448AB6668}.Release|x64.Build.0 = Release|Any CPU
		{E9F0DC89-0C05-4313-A204-3D1448AB6668}.Release|x86.ActiveCfg = Release|Any CPU
		{E9F0DC89-0C05-4313-A204-3D1448AB6668}.Release|x86.Build.0 = Release|Any CPU
		{9FD80F70-5662-401F-A6B5-A8C1F5CA55C3}.Debug|Any CPU.ActiveCfg = Debug|Any CPU
		{9FD80F70-5662-401F-A6B5-A8C1F5CA55C3}.Debug|Any CPU.Build.0 = Debug|Any CPU
		{9FD80F70-5662-401F-A6B5-A8C1F5CA55C3}.Debug|ARM.ActiveCfg = Debug|Any CPU
		{9FD80F70-5662-401F-A6B5-A8C1F5CA55C3}.Debug|ARM.Build.0 = Debug|Any CPU
		{9FD80F70-5662-401F-A6B5-A8C1F5CA55C3}.Debug|ARM64.ActiveCfg = Debug|Any CPU
		{9FD80F70-5662-401F-A6B5-A8C1F5CA55C3}.Debug|ARM64.Build.0 = Debug|Any CPU
		{9FD80F70-5662-401F-A6B5-A8C1F5CA55C3}.Debug|x64.ActiveCfg = Debug|Any CPU
		{9FD80F70-5662-401F-A6B5-A8C1F5CA55C3}.Debug|x64.Build.0 = Debug|Any CPU
		{9FD80F70-5662-401F-A6B5-A8C1F5CA55C3}.Debug|x86.ActiveCfg = Debug|Any CPU
		{9FD80F70-5662-401F-A6B5-A8C1F5CA55C3}.Debug|x86.Build.0 = Debug|Any CPU
		{9FD80F70-5662-401F-A6B5-A8C1F5CA55C3}.Release|Any CPU.ActiveCfg = Release|Any CPU
		{9FD80F70-5662-401F-A6B5-A8C1F5CA55C3}.Release|Any CPU.Build.0 = Release|Any CPU
		{9FD80F70-5662-401F-A6B5-A8C1F5CA55C3}.Release|ARM.ActiveCfg = Release|Any CPU
		{9FD80F70-5662-401F-A6B5-A8C1F5CA55C3}.Release|ARM.Build.0 = Release|Any CPU
		{9FD80F70-5662-401F-A6B5-A8C1F5CA55C3}.Release|ARM64.ActiveCfg = Release|Any CPU
		{9FD80F70-5662-401F-A6B5-A8C1F5CA55C3}.Release|ARM64.Build.0 = Release|Any CPU
		{9FD80F70-5662-401F-A6B5-A8C1F5CA55C3}.Release|x64.ActiveCfg = Release|Any CPU
		{9FD80F70-5662-401F-A6B5-A8C1F5CA55C3}.Release|x64.Build.0 = Release|Any CPU
		{9FD80F70-5662-401F-A6B5-A8C1F5CA55C3}.Release|x86.ActiveCfg = Release|Any CPU
		{9FD80F70-5662-401F-A6B5-A8C1F5CA55C3}.Release|x86.Build.0 = Release|Any CPU
		{BAD176C9-454C-4F82-96D0-055E0B46821E}.Debug|Any CPU.ActiveCfg = Debug|Any CPU
		{BAD176C9-454C-4F82-96D0-055E0B46821E}.Debug|Any CPU.Build.0 = Debug|Any CPU
		{BAD176C9-454C-4F82-96D0-055E0B46821E}.Debug|ARM.ActiveCfg = Debug|Any CPU
		{BAD176C9-454C-4F82-96D0-055E0B46821E}.Debug|ARM.Build.0 = Debug|Any CPU
		{BAD176C9-454C-4F82-96D0-055E0B46821E}.Debug|ARM64.ActiveCfg = Debug|Any CPU
		{BAD176C9-454C-4F82-96D0-055E0B46821E}.Debug|ARM64.Build.0 = Debug|Any CPU
		{BAD176C9-454C-4F82-96D0-055E0B46821E}.Debug|x64.ActiveCfg = Debug|Any CPU
		{BAD176C9-454C-4F82-96D0-055E0B46821E}.Debug|x64.Build.0 = Debug|Any CPU
		{BAD176C9-454C-4F82-96D0-055E0B46821E}.Debug|x86.ActiveCfg = Debug|Any CPU
		{BAD176C9-454C-4F82-96D0-055E0B46821E}.Debug|x86.Build.0 = Debug|Any CPU
		{BAD176C9-454C-4F82-96D0-055E0B46821E}.Release|Any CPU.ActiveCfg = Release|Any CPU
		{BAD176C9-454C-4F82-96D0-055E0B46821E}.Release|Any CPU.Build.0 = Release|Any CPU
		{BAD176C9-454C-4F82-96D0-055E0B46821E}.Release|ARM.ActiveCfg = Release|Any CPU
		{BAD176C9-454C-4F82-96D0-055E0B46821E}.Release|ARM.Build.0 = Release|Any CPU
		{BAD176C9-454C-4F82-96D0-055E0B46821E}.Release|ARM64.ActiveCfg = Release|Any CPU
		{BAD176C9-454C-4F82-96D0-055E0B46821E}.Release|ARM64.Build.0 = Release|Any CPU
		{BAD176C9-454C-4F82-96D0-055E0B46821E}.Release|x64.ActiveCfg = Release|Any CPU
		{BAD176C9-454C-4F82-96D0-055E0B46821E}.Release|x64.Build.0 = Release|Any CPU
		{BAD176C9-454C-4F82-96D0-055E0B46821E}.Release|x86.ActiveCfg = Release|Any CPU
		{BAD176C9-454C-4F82-96D0-055E0B46821E}.Release|x86.Build.0 = Release|Any CPU
		{8E435FE0-9CAC-4399-B0CA-C3E5A40E087A}.Debug|Any CPU.ActiveCfg = Debug|Any CPU
		{8E435FE0-9CAC-4399-B0CA-C3E5A40E087A}.Debug|Any CPU.Build.0 = Debug|Any CPU
		{8E435FE0-9CAC-4399-B0CA-C3E5A40E087A}.Debug|ARM.ActiveCfg = Debug|Any CPU
		{8E435FE0-9CAC-4399-B0CA-C3E5A40E087A}.Debug|ARM.Build.0 = Debug|Any CPU
		{8E435FE0-9CAC-4399-B0CA-C3E5A40E087A}.Debug|ARM64.ActiveCfg = Debug|Any CPU
		{8E435FE0-9CAC-4399-B0CA-C3E5A40E087A}.Debug|ARM64.Build.0 = Debug|Any CPU
		{8E435FE0-9CAC-4399-B0CA-C3E5A40E087A}.Debug|x64.ActiveCfg = Debug|Any CPU
		{8E435FE0-9CAC-4399-B0CA-C3E5A40E087A}.Debug|x64.Build.0 = Debug|Any CPU
		{8E435FE0-9CAC-4399-B0CA-C3E5A40E087A}.Debug|x86.ActiveCfg = Debug|Any CPU
		{8E435FE0-9CAC-4399-B0CA-C3E5A40E087A}.Debug|x86.Build.0 = Debug|Any CPU
		{8E435FE0-9CAC-4399-B0CA-C3E5A40E087A}.Release|Any CPU.ActiveCfg = Release|Any CPU
		{8E435FE0-9CAC-4399-B0CA-C3E5A40E087A}.Release|Any CPU.Build.0 = Release|Any CPU
		{8E435FE0-9CAC-4399-B0CA-C3E5A40E087A}.Release|ARM.ActiveCfg = Release|Any CPU
		{8E435FE0-9CAC-4399-B0CA-C3E5A40E087A}.Release|ARM.Build.0 = Release|Any CPU
		{8E435FE0-9CAC-4399-B0CA-C3E5A40E087A}.Release|ARM64.ActiveCfg = Release|Any CPU
		{8E435FE0-9CAC-4399-B0CA-C3E5A40E087A}.Release|ARM64.Build.0 = Release|Any CPU
		{8E435FE0-9CAC-4399-B0CA-C3E5A40E087A}.Release|x64.ActiveCfg = Release|Any CPU
		{8E435FE0-9CAC-4399-B0CA-C3E5A40E087A}.Release|x64.Build.0 = Release|Any CPU
		{8E435FE0-9CAC-4399-B0CA-C3E5A40E087A}.Release|x86.ActiveCfg = Release|Any CPU
		{8E435FE0-9CAC-4399-B0CA-C3E5A40E087A}.Release|x86.Build.0 = Release|Any CPU
		{D0D3F19C-A794-44B3-A367-E21373D69DD9}.Debug|Any CPU.ActiveCfg = Debug|Any CPU
		{D0D3F19C-A794-44B3-A367-E21373D69DD9}.Debug|Any CPU.Build.0 = Debug|Any CPU
		{D0D3F19C-A794-44B3-A367-E21373D69DD9}.Debug|ARM.ActiveCfg = Debug|Any CPU
		{D0D3F19C-A794-44B3-A367-E21373D69DD9}.Debug|ARM.Build.0 = Debug|Any CPU
		{D0D3F19C-A794-44B3-A367-E21373D69DD9}.Debug|ARM64.ActiveCfg = Debug|Any CPU
		{D0D3F19C-A794-44B3-A367-E21373D69DD9}.Debug|ARM64.Build.0 = Debug|Any CPU
		{D0D3F19C-A794-44B3-A367-E21373D69DD9}.Debug|x64.ActiveCfg = Debug|Any CPU
		{D0D3F19C-A794-44B3-A367-E21373D69DD9}.Debug|x64.Build.0 = Debug|Any CPU
		{D0D3F19C-A794-44B3-A367-E21373D69DD9}.Debug|x86.ActiveCfg = Debug|Any CPU
		{D0D3F19C-A794-44B3-A367-E21373D69DD9}.Debug|x86.Build.0 = Debug|Any CPU
		{D0D3F19C-A794-44B3-A367-E21373D69DD9}.Release|Any CPU.ActiveCfg = Release|Any CPU
		{D0D3F19C-A794-44B3-A367-E21373D69DD9}.Release|Any CPU.Build.0 = Release|Any CPU
		{D0D3F19C-A794-44B3-A367-E21373D69DD9}.Release|ARM.ActiveCfg = Release|Any CPU
		{D0D3F19C-A794-44B3-A367-E21373D69DD9}.Release|ARM.Build.0 = Release|Any CPU
		{D0D3F19C-A794-44B3-A367-E21373D69DD9}.Release|ARM64.ActiveCfg = Release|Any CPU
		{D0D3F19C-A794-44B3-A367-E21373D69DD9}.Release|ARM64.Build.0 = Release|Any CPU
		{D0D3F19C-A794-44B3-A367-E21373D69DD9}.Release|x64.ActiveCfg = Release|Any CPU
		{D0D3F19C-A794-44B3-A367-E21373D69DD9}.Release|x64.Build.0 = Release|Any CPU
		{D0D3F19C-A794-44B3-A367-E21373D69DD9}.Release|x86.ActiveCfg = Release|Any CPU
		{D0D3F19C-A794-44B3-A367-E21373D69DD9}.Release|x86.Build.0 = Release|Any CPU
		{ADCFD431-1013-4B5B-89F6-C3F623ABF086}.Debug|Any CPU.ActiveCfg = Debug|Any CPU
		{ADCFD431-1013-4B5B-89F6-C3F623ABF086}.Debug|Any CPU.Build.0 = Debug|Any CPU
		{ADCFD431-1013-4B5B-89F6-C3F623ABF086}.Debug|ARM.ActiveCfg = Debug|Any CPU
		{ADCFD431-1013-4B5B-89F6-C3F623ABF086}.Debug|ARM.Build.0 = Debug|Any CPU
		{ADCFD431-1013-4B5B-89F6-C3F623ABF086}.Debug|ARM64.ActiveCfg = Debug|Any CPU
		{ADCFD431-1013-4B5B-89F6-C3F623ABF086}.Debug|ARM64.Build.0 = Debug|Any CPU
		{ADCFD431-1013-4B5B-89F6-C3F623ABF086}.Debug|x64.ActiveCfg = Debug|Any CPU
		{ADCFD431-1013-4B5B-89F6-C3F623ABF086}.Debug|x64.Build.0 = Debug|Any CPU
		{ADCFD431-1013-4B5B-89F6-C3F623ABF086}.Debug|x86.ActiveCfg = Debug|Any CPU
		{ADCFD431-1013-4B5B-89F6-C3F623ABF086}.Debug|x86.Build.0 = Debug|Any CPU
		{ADCFD431-1013-4B5B-89F6-C3F623ABF086}.Release|Any CPU.ActiveCfg = Release|Any CPU
		{ADCFD431-1013-4B5B-89F6-C3F623ABF086}.Release|Any CPU.Build.0 = Release|Any CPU
		{ADCFD431-1013-4B5B-89F6-C3F623ABF086}.Release|ARM.ActiveCfg = Release|Any CPU
		{ADCFD431-1013-4B5B-89F6-C3F623ABF086}.Release|ARM.Build.0 = Release|Any CPU
		{ADCFD431-1013-4B5B-89F6-C3F623ABF086}.Release|ARM64.ActiveCfg = Release|Any CPU
		{ADCFD431-1013-4B5B-89F6-C3F623ABF086}.Release|ARM64.Build.0 = Release|Any CPU
		{ADCFD431-1013-4B5B-89F6-C3F623ABF086}.Release|x64.ActiveCfg = Release|Any CPU
		{ADCFD431-1013-4B5B-89F6-C3F623ABF086}.Release|x64.Build.0 = Release|Any CPU
		{ADCFD431-1013-4B5B-89F6-C3F623ABF086}.Release|x86.ActiveCfg = Release|Any CPU
		{ADCFD431-1013-4B5B-89F6-C3F623ABF086}.Release|x86.Build.0 = Release|Any CPU
		{7F150B37-D21A-40C4-86D2-A129E65AEF4E}.Debug|Any CPU.ActiveCfg = Debug|Any CPU
		{7F150B37-D21A-40C4-86D2-A129E65AEF4E}.Debug|Any CPU.Build.0 = Debug|Any CPU
		{7F150B37-D21A-40C4-86D2-A129E65AEF4E}.Debug|ARM.ActiveCfg = Debug|Any CPU
		{7F150B37-D21A-40C4-86D2-A129E65AEF4E}.Debug|ARM.Build.0 = Debug|Any CPU
		{7F150B37-D21A-40C4-86D2-A129E65AEF4E}.Debug|ARM64.ActiveCfg = Debug|Any CPU
		{7F150B37-D21A-40C4-86D2-A129E65AEF4E}.Debug|ARM64.Build.0 = Debug|Any CPU
		{7F150B37-D21A-40C4-86D2-A129E65AEF4E}.Debug|x64.ActiveCfg = Debug|Any CPU
		{7F150B37-D21A-40C4-86D2-A129E65AEF4E}.Debug|x64.Build.0 = Debug|Any CPU
		{7F150B37-D21A-40C4-86D2-A129E65AEF4E}.Debug|x86.ActiveCfg = Debug|Any CPU
		{7F150B37-D21A-40C4-86D2-A129E65AEF4E}.Debug|x86.Build.0 = Debug|Any CPU
		{7F150B37-D21A-40C4-86D2-A129E65AEF4E}.Release|Any CPU.ActiveCfg = Release|Any CPU
		{7F150B37-D21A-40C4-86D2-A129E65AEF4E}.Release|Any CPU.Build.0 = Release|Any CPU
		{7F150B37-D21A-40C4-86D2-A129E65AEF4E}.Release|ARM.ActiveCfg = Release|Any CPU
		{7F150B37-D21A-40C4-86D2-A129E65AEF4E}.Release|ARM.Build.0 = Release|Any CPU
		{7F150B37-D21A-40C4-86D2-A129E65AEF4E}.Release|ARM64.ActiveCfg = Release|Any CPU
		{7F150B37-D21A-40C4-86D2-A129E65AEF4E}.Release|ARM64.Build.0 = Release|Any CPU
		{7F150B37-D21A-40C4-86D2-A129E65AEF4E}.Release|x64.ActiveCfg = Release|Any CPU
		{7F150B37-D21A-40C4-86D2-A129E65AEF4E}.Release|x64.Build.0 = Release|Any CPU
		{7F150B37-D21A-40C4-86D2-A129E65AEF4E}.Release|x86.ActiveCfg = Release|Any CPU
		{7F150B37-D21A-40C4-86D2-A129E65AEF4E}.Release|x86.Build.0 = Release|Any CPU
		{499AAC54-6552-4CF1-9964-5C5ED73CBD3B}.Debug|Any CPU.ActiveCfg = Debug|Any CPU
		{499AAC54-6552-4CF1-9964-5C5ED73CBD3B}.Debug|Any CPU.Build.0 = Debug|Any CPU
		{499AAC54-6552-4CF1-9964-5C5ED73CBD3B}.Debug|ARM.ActiveCfg = Debug|Any CPU
		{499AAC54-6552-4CF1-9964-5C5ED73CBD3B}.Debug|ARM.Build.0 = Debug|Any CPU
		{499AAC54-6552-4CF1-9964-5C5ED73CBD3B}.Debug|ARM64.ActiveCfg = Debug|Any CPU
		{499AAC54-6552-4CF1-9964-5C5ED73CBD3B}.Debug|ARM64.Build.0 = Debug|Any CPU
		{499AAC54-6552-4CF1-9964-5C5ED73CBD3B}.Debug|x64.ActiveCfg = Debug|Any CPU
		{499AAC54-6552-4CF1-9964-5C5ED73CBD3B}.Debug|x64.Build.0 = Debug|Any CPU
		{499AAC54-6552-4CF1-9964-5C5ED73CBD3B}.Debug|x86.ActiveCfg = Debug|Any CPU
		{499AAC54-6552-4CF1-9964-5C5ED73CBD3B}.Debug|x86.Build.0 = Debug|Any CPU
		{499AAC54-6552-4CF1-9964-5C5ED73CBD3B}.Release|Any CPU.ActiveCfg = Release|Any CPU
		{499AAC54-6552-4CF1-9964-5C5ED73CBD3B}.Release|Any CPU.Build.0 = Release|Any CPU
		{499AAC54-6552-4CF1-9964-5C5ED73CBD3B}.Release|ARM.ActiveCfg = Release|Any CPU
		{499AAC54-6552-4CF1-9964-5C5ED73CBD3B}.Release|ARM.Build.0 = Release|Any CPU
		{499AAC54-6552-4CF1-9964-5C5ED73CBD3B}.Release|ARM64.ActiveCfg = Release|Any CPU
		{499AAC54-6552-4CF1-9964-5C5ED73CBD3B}.Release|ARM64.Build.0 = Release|Any CPU
		{499AAC54-6552-4CF1-9964-5C5ED73CBD3B}.Release|x64.ActiveCfg = Release|Any CPU
		{499AAC54-6552-4CF1-9964-5C5ED73CBD3B}.Release|x64.Build.0 = Release|Any CPU
		{499AAC54-6552-4CF1-9964-5C5ED73CBD3B}.Release|x86.ActiveCfg = Release|Any CPU
		{499AAC54-6552-4CF1-9964-5C5ED73CBD3B}.Release|x86.Build.0 = Release|Any CPU
		{A0FABBF3-4CA9-4B32-A200-D009D407838E}.Debug|Any CPU.ActiveCfg = Debug|Any CPU
		{A0FABBF3-4CA9-4B32-A200-D009D407838E}.Debug|Any CPU.Build.0 = Debug|Any CPU
		{A0FABBF3-4CA9-4B32-A200-D009D407838E}.Debug|ARM.ActiveCfg = Debug|Any CPU
		{A0FABBF3-4CA9-4B32-A200-D009D407838E}.Debug|ARM.Build.0 = Debug|Any CPU
		{A0FABBF3-4CA9-4B32-A200-D009D407838E}.Debug|ARM64.ActiveCfg = Debug|Any CPU
		{A0FABBF3-4CA9-4B32-A200-D009D407838E}.Debug|ARM64.Build.0 = Debug|Any CPU
		{A0FABBF3-4CA9-4B32-A200-D009D407838E}.Debug|x64.ActiveCfg = Debug|Any CPU
		{A0FABBF3-4CA9-4B32-A200-D009D407838E}.Debug|x64.Build.0 = Debug|Any CPU
		{A0FABBF3-4CA9-4B32-A200-D009D407838E}.Debug|x86.ActiveCfg = Debug|Any CPU
		{A0FABBF3-4CA9-4B32-A200-D009D407838E}.Debug|x86.Build.0 = Debug|Any CPU
		{A0FABBF3-4CA9-4B32-A200-D009D407838E}.Release|Any CPU.ActiveCfg = Release|Any CPU
		{A0FABBF3-4CA9-4B32-A200-D009D407838E}.Release|Any CPU.Build.0 = Release|Any CPU
		{A0FABBF3-4CA9-4B32-A200-D009D407838E}.Release|ARM.ActiveCfg = Release|Any CPU
		{A0FABBF3-4CA9-4B32-A200-D009D407838E}.Release|ARM.Build.0 = Release|Any CPU
		{A0FABBF3-4CA9-4B32-A200-D009D407838E}.Release|ARM64.ActiveCfg = Release|Any CPU
		{A0FABBF3-4CA9-4B32-A200-D009D407838E}.Release|ARM64.Build.0 = Release|Any CPU
		{A0FABBF3-4CA9-4B32-A200-D009D407838E}.Release|x64.ActiveCfg = Release|Any CPU
		{A0FABBF3-4CA9-4B32-A200-D009D407838E}.Release|x64.Build.0 = Release|Any CPU
		{A0FABBF3-4CA9-4B32-A200-D009D407838E}.Release|x86.ActiveCfg = Release|Any CPU
		{A0FABBF3-4CA9-4B32-A200-D009D407838E}.Release|x86.Build.0 = Release|Any CPU
		{FBD0F293-E011-4A1B-B697-750D271A1017}.Debug|Any CPU.ActiveCfg = Debug|Any CPU
		{FBD0F293-E011-4A1B-B697-750D271A1017}.Debug|Any CPU.Build.0 = Debug|Any CPU
		{FBD0F293-E011-4A1B-B697-750D271A1017}.Debug|ARM.ActiveCfg = Debug|Any CPU
		{FBD0F293-E011-4A1B-B697-750D271A1017}.Debug|ARM.Build.0 = Debug|Any CPU
		{FBD0F293-E011-4A1B-B697-750D271A1017}.Debug|ARM64.ActiveCfg = Debug|Any CPU
		{FBD0F293-E011-4A1B-B697-750D271A1017}.Debug|ARM64.Build.0 = Debug|Any CPU
		{FBD0F293-E011-4A1B-B697-750D271A1017}.Debug|x64.ActiveCfg = Debug|Any CPU
		{FBD0F293-E011-4A1B-B697-750D271A1017}.Debug|x64.Build.0 = Debug|Any CPU
		{FBD0F293-E011-4A1B-B697-750D271A1017}.Debug|x86.ActiveCfg = Debug|Any CPU
		{FBD0F293-E011-4A1B-B697-750D271A1017}.Debug|x86.Build.0 = Debug|Any CPU
		{FBD0F293-E011-4A1B-B697-750D271A1017}.Release|Any CPU.ActiveCfg = Release|Any CPU
		{FBD0F293-E011-4A1B-B697-750D271A1017}.Release|Any CPU.Build.0 = Release|Any CPU
		{FBD0F293-E011-4A1B-B697-750D271A1017}.Release|ARM.ActiveCfg = Release|Any CPU
		{FBD0F293-E011-4A1B-B697-750D271A1017}.Release|ARM.Build.0 = Release|Any CPU
		{FBD0F293-E011-4A1B-B697-750D271A1017}.Release|ARM64.ActiveCfg = Release|Any CPU
		{FBD0F293-E011-4A1B-B697-750D271A1017}.Release|ARM64.Build.0 = Release|Any CPU
		{FBD0F293-E011-4A1B-B697-750D271A1017}.Release|x64.ActiveCfg = Release|Any CPU
		{FBD0F293-E011-4A1B-B697-750D271A1017}.Release|x64.Build.0 = Release|Any CPU
		{FBD0F293-E011-4A1B-B697-750D271A1017}.Release|x86.ActiveCfg = Release|Any CPU
		{FBD0F293-E011-4A1B-B697-750D271A1017}.Release|x86.Build.0 = Release|Any CPU
		{9982217B-8C6D-4643-9225-99D33A4E1ABE}.Debug|Any CPU.ActiveCfg = Debug|Any CPU
		{9982217B-8C6D-4643-9225-99D33A4E1ABE}.Debug|Any CPU.Build.0 = Debug|Any CPU
		{9982217B-8C6D-4643-9225-99D33A4E1ABE}.Debug|ARM.ActiveCfg = Debug|Any CPU
		{9982217B-8C6D-4643-9225-99D33A4E1ABE}.Debug|ARM.Build.0 = Debug|Any CPU
		{9982217B-8C6D-4643-9225-99D33A4E1ABE}.Debug|ARM64.ActiveCfg = Debug|Any CPU
		{9982217B-8C6D-4643-9225-99D33A4E1ABE}.Debug|ARM64.Build.0 = Debug|Any CPU
		{9982217B-8C6D-4643-9225-99D33A4E1ABE}.Debug|x64.ActiveCfg = Debug|Any CPU
		{9982217B-8C6D-4643-9225-99D33A4E1ABE}.Debug|x64.Build.0 = Debug|Any CPU
		{9982217B-8C6D-4643-9225-99D33A4E1ABE}.Debug|x86.ActiveCfg = Debug|Any CPU
		{9982217B-8C6D-4643-9225-99D33A4E1ABE}.Debug|x86.Build.0 = Debug|Any CPU
		{9982217B-8C6D-4643-9225-99D33A4E1ABE}.Release|Any CPU.ActiveCfg = Release|Any CPU
		{9982217B-8C6D-4643-9225-99D33A4E1ABE}.Release|Any CPU.Build.0 = Release|Any CPU
		{9982217B-8C6D-4643-9225-99D33A4E1ABE}.Release|ARM.ActiveCfg = Release|Any CPU
		{9982217B-8C6D-4643-9225-99D33A4E1ABE}.Release|ARM.Build.0 = Release|Any CPU
		{9982217B-8C6D-4643-9225-99D33A4E1ABE}.Release|ARM64.ActiveCfg = Release|Any CPU
		{9982217B-8C6D-4643-9225-99D33A4E1ABE}.Release|ARM64.Build.0 = Release|Any CPU
		{9982217B-8C6D-4643-9225-99D33A4E1ABE}.Release|x64.ActiveCfg = Release|Any CPU
		{9982217B-8C6D-4643-9225-99D33A4E1ABE}.Release|x64.Build.0 = Release|Any CPU
		{9982217B-8C6D-4643-9225-99D33A4E1ABE}.Release|x86.ActiveCfg = Release|Any CPU
		{9982217B-8C6D-4643-9225-99D33A4E1ABE}.Release|x86.Build.0 = Release|Any CPU
		{9B438AD2-C654-4C96-B6D8-22C96D21DD82}.Debug|Any CPU.ActiveCfg = Debug|Any CPU
		{9B438AD2-C654-4C96-B6D8-22C96D21DD82}.Debug|Any CPU.Build.0 = Debug|Any CPU
		{9B438AD2-C654-4C96-B6D8-22C96D21DD82}.Debug|ARM.ActiveCfg = Debug|Any CPU
		{9B438AD2-C654-4C96-B6D8-22C96D21DD82}.Debug|ARM.Build.0 = Debug|Any CPU
		{9B438AD2-C654-4C96-B6D8-22C96D21DD82}.Debug|ARM64.ActiveCfg = Debug|Any CPU
		{9B438AD2-C654-4C96-B6D8-22C96D21DD82}.Debug|ARM64.Build.0 = Debug|Any CPU
		{9B438AD2-C654-4C96-B6D8-22C96D21DD82}.Debug|x64.ActiveCfg = Debug|Any CPU
		{9B438AD2-C654-4C96-B6D8-22C96D21DD82}.Debug|x64.Build.0 = Debug|Any CPU
		{9B438AD2-C654-4C96-B6D8-22C96D21DD82}.Debug|x86.ActiveCfg = Debug|Any CPU
		{9B438AD2-C654-4C96-B6D8-22C96D21DD82}.Debug|x86.Build.0 = Debug|Any CPU
		{9B438AD2-C654-4C96-B6D8-22C96D21DD82}.Release|Any CPU.ActiveCfg = Release|Any CPU
		{9B438AD2-C654-4C96-B6D8-22C96D21DD82}.Release|Any CPU.Build.0 = Release|Any CPU
		{9B438AD2-C654-4C96-B6D8-22C96D21DD82}.Release|ARM.ActiveCfg = Release|Any CPU
		{9B438AD2-C654-4C96-B6D8-22C96D21DD82}.Release|ARM.Build.0 = Release|Any CPU
		{9B438AD2-C654-4C96-B6D8-22C96D21DD82}.Release|ARM64.ActiveCfg = Release|Any CPU
		{9B438AD2-C654-4C96-B6D8-22C96D21DD82}.Release|ARM64.Build.0 = Release|Any CPU
		{9B438AD2-C654-4C96-B6D8-22C96D21DD82}.Release|x64.ActiveCfg = Release|Any CPU
		{9B438AD2-C654-4C96-B6D8-22C96D21DD82}.Release|x64.Build.0 = Release|Any CPU
		{9B438AD2-C654-4C96-B6D8-22C96D21DD82}.Release|x86.ActiveCfg = Release|Any CPU
		{9B438AD2-C654-4C96-B6D8-22C96D21DD82}.Release|x86.Build.0 = Release|Any CPU
		{DAA4538C-12C0-40F1-AE81-79B8D01AF27F}.Debug|Any CPU.ActiveCfg = Debug|Any CPU
		{DAA4538C-12C0-40F1-AE81-79B8D01AF27F}.Debug|Any CPU.Build.0 = Debug|Any CPU
		{DAA4538C-12C0-40F1-AE81-79B8D01AF27F}.Debug|ARM.ActiveCfg = Debug|Any CPU
		{DAA4538C-12C0-40F1-AE81-79B8D01AF27F}.Debug|ARM.Build.0 = Debug|Any CPU
		{DAA4538C-12C0-40F1-AE81-79B8D01AF27F}.Debug|ARM64.ActiveCfg = Debug|Any CPU
		{DAA4538C-12C0-40F1-AE81-79B8D01AF27F}.Debug|ARM64.Build.0 = Debug|Any CPU
		{DAA4538C-12C0-40F1-AE81-79B8D01AF27F}.Debug|x64.ActiveCfg = Debug|Any CPU
		{DAA4538C-12C0-40F1-AE81-79B8D01AF27F}.Debug|x64.Build.0 = Debug|Any CPU
		{DAA4538C-12C0-40F1-AE81-79B8D01AF27F}.Debug|x86.ActiveCfg = Debug|Any CPU
		{DAA4538C-12C0-40F1-AE81-79B8D01AF27F}.Debug|x86.Build.0 = Debug|Any CPU
		{DAA4538C-12C0-40F1-AE81-79B8D01AF27F}.Release|Any CPU.ActiveCfg = Release|Any CPU
		{DAA4538C-12C0-40F1-AE81-79B8D01AF27F}.Release|Any CPU.Build.0 = Release|Any CPU
		{DAA4538C-12C0-40F1-AE81-79B8D01AF27F}.Release|ARM.ActiveCfg = Release|Any CPU
		{DAA4538C-12C0-40F1-AE81-79B8D01AF27F}.Release|ARM.Build.0 = Release|Any CPU
		{DAA4538C-12C0-40F1-AE81-79B8D01AF27F}.Release|ARM64.ActiveCfg = Release|Any CPU
		{DAA4538C-12C0-40F1-AE81-79B8D01AF27F}.Release|ARM64.Build.0 = Release|Any CPU
		{DAA4538C-12C0-40F1-AE81-79B8D01AF27F}.Release|x64.ActiveCfg = Release|Any CPU
		{DAA4538C-12C0-40F1-AE81-79B8D01AF27F}.Release|x64.Build.0 = Release|Any CPU
		{DAA4538C-12C0-40F1-AE81-79B8D01AF27F}.Release|x86.ActiveCfg = Release|Any CPU
		{DAA4538C-12C0-40F1-AE81-79B8D01AF27F}.Release|x86.Build.0 = Release|Any CPU
		{815D0679-23E2-49BA-BD71-F28570DDA121}.Debug|Any CPU.ActiveCfg = Debug|Any CPU
		{815D0679-23E2-49BA-BD71-F28570DDA121}.Debug|Any CPU.Build.0 = Debug|Any CPU
		{815D0679-23E2-49BA-BD71-F28570DDA121}.Debug|ARM.ActiveCfg = Debug|Any CPU
		{815D0679-23E2-49BA-BD71-F28570DDA121}.Debug|ARM.Build.0 = Debug|Any CPU
		{815D0679-23E2-49BA-BD71-F28570DDA121}.Debug|ARM64.ActiveCfg = Debug|Any CPU
		{815D0679-23E2-49BA-BD71-F28570DDA121}.Debug|ARM64.Build.0 = Debug|Any CPU
		{815D0679-23E2-49BA-BD71-F28570DDA121}.Debug|x64.ActiveCfg = Debug|Any CPU
		{815D0679-23E2-49BA-BD71-F28570DDA121}.Debug|x64.Build.0 = Debug|Any CPU
		{815D0679-23E2-49BA-BD71-F28570DDA121}.Debug|x86.ActiveCfg = Debug|Any CPU
		{815D0679-23E2-49BA-BD71-F28570DDA121}.Debug|x86.Build.0 = Debug|Any CPU
		{815D0679-23E2-49BA-BD71-F28570DDA121}.Release|Any CPU.ActiveCfg = Release|Any CPU
		{815D0679-23E2-49BA-BD71-F28570DDA121}.Release|Any CPU.Build.0 = Release|Any CPU
		{815D0679-23E2-49BA-BD71-F28570DDA121}.Release|ARM.ActiveCfg = Release|Any CPU
		{815D0679-23E2-49BA-BD71-F28570DDA121}.Release|ARM.Build.0 = Release|Any CPU
		{815D0679-23E2-49BA-BD71-F28570DDA121}.Release|ARM64.ActiveCfg = Release|Any CPU
		{815D0679-23E2-49BA-BD71-F28570DDA121}.Release|ARM64.Build.0 = Release|Any CPU
		{815D0679-23E2-49BA-BD71-F28570DDA121}.Release|x64.ActiveCfg = Release|Any CPU
		{815D0679-23E2-49BA-BD71-F28570DDA121}.Release|x64.Build.0 = Release|Any CPU
		{815D0679-23E2-49BA-BD71-F28570DDA121}.Release|x86.ActiveCfg = Release|Any CPU
		{815D0679-23E2-49BA-BD71-F28570DDA121}.Release|x86.Build.0 = Release|Any CPU
		{F9A6A8DC-B548-496C-99D3-E34765E5E79A}.Debug|Any CPU.ActiveCfg = Debug|Any CPU
		{F9A6A8DC-B548-496C-99D3-E34765E5E79A}.Debug|Any CPU.Build.0 = Debug|Any CPU
		{F9A6A8DC-B548-496C-99D3-E34765E5E79A}.Debug|ARM.ActiveCfg = Debug|Any CPU
		{F9A6A8DC-B548-496C-99D3-E34765E5E79A}.Debug|ARM.Build.0 = Debug|Any CPU
		{F9A6A8DC-B548-496C-99D3-E34765E5E79A}.Debug|ARM64.ActiveCfg = Debug|Any CPU
		{F9A6A8DC-B548-496C-99D3-E34765E5E79A}.Debug|ARM64.Build.0 = Debug|Any CPU
		{F9A6A8DC-B548-496C-99D3-E34765E5E79A}.Debug|x64.ActiveCfg = Debug|Any CPU
		{F9A6A8DC-B548-496C-99D3-E34765E5E79A}.Debug|x64.Build.0 = Debug|Any CPU
		{F9A6A8DC-B548-496C-99D3-E34765E5E79A}.Debug|x86.ActiveCfg = Debug|Any CPU
		{F9A6A8DC-B548-496C-99D3-E34765E5E79A}.Debug|x86.Build.0 = Debug|Any CPU
		{F9A6A8DC-B548-496C-99D3-E34765E5E79A}.Release|Any CPU.ActiveCfg = Release|Any CPU
		{F9A6A8DC-B548-496C-99D3-E34765E5E79A}.Release|Any CPU.Build.0 = Release|Any CPU
		{F9A6A8DC-B548-496C-99D3-E34765E5E79A}.Release|ARM.ActiveCfg = Release|Any CPU
		{F9A6A8DC-B548-496C-99D3-E34765E5E79A}.Release|ARM.Build.0 = Release|Any CPU
		{F9A6A8DC-B548-496C-99D3-E34765E5E79A}.Release|ARM64.ActiveCfg = Release|Any CPU
		{F9A6A8DC-B548-496C-99D3-E34765E5E79A}.Release|ARM64.Build.0 = Release|Any CPU
		{F9A6A8DC-B548-496C-99D3-E34765E5E79A}.Release|x64.ActiveCfg = Release|Any CPU
		{F9A6A8DC-B548-496C-99D3-E34765E5E79A}.Release|x64.Build.0 = Release|Any CPU
		{F9A6A8DC-B548-496C-99D3-E34765E5E79A}.Release|x86.ActiveCfg = Release|Any CPU
		{F9A6A8DC-B548-496C-99D3-E34765E5E79A}.Release|x86.Build.0 = Release|Any CPU
		{204E71C3-F104-4876-8A47-7B9F06BF2987}.Debug|Any CPU.ActiveCfg = Debug|Any CPU
		{204E71C3-F104-4876-8A47-7B9F06BF2987}.Debug|Any CPU.Build.0 = Debug|Any CPU
		{204E71C3-F104-4876-8A47-7B9F06BF2987}.Debug|ARM.ActiveCfg = Debug|Any CPU
		{204E71C3-F104-4876-8A47-7B9F06BF2987}.Debug|ARM.Build.0 = Debug|Any CPU
		{204E71C3-F104-4876-8A47-7B9F06BF2987}.Debug|ARM64.ActiveCfg = Debug|Any CPU
		{204E71C3-F104-4876-8A47-7B9F06BF2987}.Debug|ARM64.Build.0 = Debug|Any CPU
		{204E71C3-F104-4876-8A47-7B9F06BF2987}.Debug|x64.ActiveCfg = Debug|Any CPU
		{204E71C3-F104-4876-8A47-7B9F06BF2987}.Debug|x64.Build.0 = Debug|Any CPU
		{204E71C3-F104-4876-8A47-7B9F06BF2987}.Debug|x86.ActiveCfg = Debug|Any CPU
		{204E71C3-F104-4876-8A47-7B9F06BF2987}.Debug|x86.Build.0 = Debug|Any CPU
		{204E71C3-F104-4876-8A47-7B9F06BF2987}.Release|Any CPU.ActiveCfg = Release|Any CPU
		{204E71C3-F104-4876-8A47-7B9F06BF2987}.Release|Any CPU.Build.0 = Release|Any CPU
		{204E71C3-F104-4876-8A47-7B9F06BF2987}.Release|ARM.ActiveCfg = Release|Any CPU
		{204E71C3-F104-4876-8A47-7B9F06BF2987}.Release|ARM.Build.0 = Release|Any CPU
		{204E71C3-F104-4876-8A47-7B9F06BF2987}.Release|ARM64.ActiveCfg = Release|Any CPU
		{204E71C3-F104-4876-8A47-7B9F06BF2987}.Release|ARM64.Build.0 = Release|Any CPU
		{204E71C3-F104-4876-8A47-7B9F06BF2987}.Release|x64.ActiveCfg = Release|Any CPU
		{204E71C3-F104-4876-8A47-7B9F06BF2987}.Release|x64.Build.0 = Release|Any CPU
		{204E71C3-F104-4876-8A47-7B9F06BF2987}.Release|x86.ActiveCfg = Release|Any CPU
		{204E71C3-F104-4876-8A47-7B9F06BF2987}.Release|x86.Build.0 = Release|Any CPU
		{22145DC5-1303-4A07-A61B-6B56E5EC0980}.Debug|Any CPU.ActiveCfg = Debug|Any CPU
		{22145DC5-1303-4A07-A61B-6B56E5EC0980}.Debug|Any CPU.Build.0 = Debug|Any CPU
		{22145DC5-1303-4A07-A61B-6B56E5EC0980}.Debug|ARM.ActiveCfg = Debug|Any CPU
		{22145DC5-1303-4A07-A61B-6B56E5EC0980}.Debug|ARM.Build.0 = Debug|Any CPU
		{22145DC5-1303-4A07-A61B-6B56E5EC0980}.Debug|ARM64.ActiveCfg = Debug|Any CPU
		{22145DC5-1303-4A07-A61B-6B56E5EC0980}.Debug|ARM64.Build.0 = Debug|Any CPU
		{22145DC5-1303-4A07-A61B-6B56E5EC0980}.Debug|x64.ActiveCfg = Debug|Any CPU
		{22145DC5-1303-4A07-A61B-6B56E5EC0980}.Debug|x64.Build.0 = Debug|Any CPU
		{22145DC5-1303-4A07-A61B-6B56E5EC0980}.Debug|x86.ActiveCfg = Debug|Any CPU
		{22145DC5-1303-4A07-A61B-6B56E5EC0980}.Debug|x86.Build.0 = Debug|Any CPU
		{22145DC5-1303-4A07-A61B-6B56E5EC0980}.Release|Any CPU.ActiveCfg = Release|Any CPU
		{22145DC5-1303-4A07-A61B-6B56E5EC0980}.Release|Any CPU.Build.0 = Release|Any CPU
		{22145DC5-1303-4A07-A61B-6B56E5EC0980}.Release|ARM.ActiveCfg = Release|Any CPU
		{22145DC5-1303-4A07-A61B-6B56E5EC0980}.Release|ARM.Build.0 = Release|Any CPU
		{22145DC5-1303-4A07-A61B-6B56E5EC0980}.Release|ARM64.ActiveCfg = Release|Any CPU
		{22145DC5-1303-4A07-A61B-6B56E5EC0980}.Release|ARM64.Build.0 = Release|Any CPU
		{22145DC5-1303-4A07-A61B-6B56E5EC0980}.Release|x64.ActiveCfg = Release|Any CPU
		{22145DC5-1303-4A07-A61B-6B56E5EC0980}.Release|x64.Build.0 = Release|Any CPU
		{22145DC5-1303-4A07-A61B-6B56E5EC0980}.Release|x86.ActiveCfg = Release|Any CPU
		{22145DC5-1303-4A07-A61B-6B56E5EC0980}.Release|x86.Build.0 = Release|Any CPU
		{E66EFBB0-3B07-4526-8EAC-C72366450684}.Debug|Any CPU.ActiveCfg = Debug|Any CPU
		{E66EFBB0-3B07-4526-8EAC-C72366450684}.Debug|Any CPU.Build.0 = Debug|Any CPU
		{E66EFBB0-3B07-4526-8EAC-C72366450684}.Debug|ARM.ActiveCfg = Debug|Any CPU
		{E66EFBB0-3B07-4526-8EAC-C72366450684}.Debug|ARM.Build.0 = Debug|Any CPU
		{E66EFBB0-3B07-4526-8EAC-C72366450684}.Debug|ARM64.ActiveCfg = Debug|Any CPU
		{E66EFBB0-3B07-4526-8EAC-C72366450684}.Debug|ARM64.Build.0 = Debug|Any CPU
		{E66EFBB0-3B07-4526-8EAC-C72366450684}.Debug|x64.ActiveCfg = Debug|Any CPU
		{E66EFBB0-3B07-4526-8EAC-C72366450684}.Debug|x64.Build.0 = Debug|Any CPU
		{E66EFBB0-3B07-4526-8EAC-C72366450684}.Debug|x86.ActiveCfg = Debug|Any CPU
		{E66EFBB0-3B07-4526-8EAC-C72366450684}.Debug|x86.Build.0 = Debug|Any CPU
		{E66EFBB0-3B07-4526-8EAC-C72366450684}.Release|Any CPU.ActiveCfg = Release|Any CPU
		{E66EFBB0-3B07-4526-8EAC-C72366450684}.Release|Any CPU.Build.0 = Release|Any CPU
		{E66EFBB0-3B07-4526-8EAC-C72366450684}.Release|ARM.ActiveCfg = Release|Any CPU
		{E66EFBB0-3B07-4526-8EAC-C72366450684}.Release|ARM.Build.0 = Release|Any CPU
		{E66EFBB0-3B07-4526-8EAC-C72366450684}.Release|ARM64.ActiveCfg = Release|Any CPU
		{E66EFBB0-3B07-4526-8EAC-C72366450684}.Release|ARM64.Build.0 = Release|Any CPU
		{E66EFBB0-3B07-4526-8EAC-C72366450684}.Release|x64.ActiveCfg = Release|Any CPU
		{E66EFBB0-3B07-4526-8EAC-C72366450684}.Release|x64.Build.0 = Release|Any CPU
		{E66EFBB0-3B07-4526-8EAC-C72366450684}.Release|x86.ActiveCfg = Release|Any CPU
		{E66EFBB0-3B07-4526-8EAC-C72366450684}.Release|x86.Build.0 = Release|Any CPU
		{AD28B155-1312-470E-8E7F-F2CED76F8139}.Debug|Any CPU.ActiveCfg = Debug|Any CPU
		{AD28B155-1312-470E-8E7F-F2CED76F8139}.Debug|Any CPU.Build.0 = Debug|Any CPU
		{AD28B155-1312-470E-8E7F-F2CED76F8139}.Debug|ARM.ActiveCfg = Debug|Any CPU
		{AD28B155-1312-470E-8E7F-F2CED76F8139}.Debug|ARM.Build.0 = Debug|Any CPU
		{AD28B155-1312-470E-8E7F-F2CED76F8139}.Debug|ARM64.ActiveCfg = Debug|Any CPU
		{AD28B155-1312-470E-8E7F-F2CED76F8139}.Debug|ARM64.Build.0 = Debug|Any CPU
		{AD28B155-1312-470E-8E7F-F2CED76F8139}.Debug|x64.ActiveCfg = Debug|Any CPU
		{AD28B155-1312-470E-8E7F-F2CED76F8139}.Debug|x64.Build.0 = Debug|Any CPU
		{AD28B155-1312-470E-8E7F-F2CED76F8139}.Debug|x86.ActiveCfg = Debug|Any CPU
		{AD28B155-1312-470E-8E7F-F2CED76F8139}.Debug|x86.Build.0 = Debug|Any CPU
		{AD28B155-1312-470E-8E7F-F2CED76F8139}.Release|Any CPU.ActiveCfg = Release|Any CPU
		{AD28B155-1312-470E-8E7F-F2CED76F8139}.Release|Any CPU.Build.0 = Release|Any CPU
		{AD28B155-1312-470E-8E7F-F2CED76F8139}.Release|ARM.ActiveCfg = Release|Any CPU
		{AD28B155-1312-470E-8E7F-F2CED76F8139}.Release|ARM.Build.0 = Release|Any CPU
		{AD28B155-1312-470E-8E7F-F2CED76F8139}.Release|ARM64.ActiveCfg = Release|Any CPU
		{AD28B155-1312-470E-8E7F-F2CED76F8139}.Release|ARM64.Build.0 = Release|Any CPU
		{AD28B155-1312-470E-8E7F-F2CED76F8139}.Release|x64.ActiveCfg = Release|Any CPU
		{AD28B155-1312-470E-8E7F-F2CED76F8139}.Release|x64.Build.0 = Release|Any CPU
		{AD28B155-1312-470E-8E7F-F2CED76F8139}.Release|x86.ActiveCfg = Release|Any CPU
		{AD28B155-1312-470E-8E7F-F2CED76F8139}.Release|x86.Build.0 = Release|Any CPU
		{FCB168AC-7372-40BD-A45B-C8136D371BFB}.Debug|Any CPU.ActiveCfg = Debug|Any CPU
		{FCB168AC-7372-40BD-A45B-C8136D371BFB}.Debug|Any CPU.Build.0 = Debug|Any CPU
		{FCB168AC-7372-40BD-A45B-C8136D371BFB}.Debug|ARM.ActiveCfg = Debug|Any CPU
		{FCB168AC-7372-40BD-A45B-C8136D371BFB}.Debug|ARM.Build.0 = Debug|Any CPU
		{FCB168AC-7372-40BD-A45B-C8136D371BFB}.Debug|ARM64.ActiveCfg = Debug|Any CPU
		{FCB168AC-7372-40BD-A45B-C8136D371BFB}.Debug|ARM64.Build.0 = Debug|Any CPU
		{FCB168AC-7372-40BD-A45B-C8136D371BFB}.Debug|x64.ActiveCfg = Debug|Any CPU
		{FCB168AC-7372-40BD-A45B-C8136D371BFB}.Debug|x64.Build.0 = Debug|Any CPU
		{FCB168AC-7372-40BD-A45B-C8136D371BFB}.Debug|x86.ActiveCfg = Debug|Any CPU
		{FCB168AC-7372-40BD-A45B-C8136D371BFB}.Debug|x86.Build.0 = Debug|Any CPU
		{FCB168AC-7372-40BD-A45B-C8136D371BFB}.Release|Any CPU.ActiveCfg = Release|Any CPU
		{FCB168AC-7372-40BD-A45B-C8136D371BFB}.Release|Any CPU.Build.0 = Release|Any CPU
		{FCB168AC-7372-40BD-A45B-C8136D371BFB}.Release|ARM.ActiveCfg = Release|Any CPU
		{FCB168AC-7372-40BD-A45B-C8136D371BFB}.Release|ARM.Build.0 = Release|Any CPU
		{FCB168AC-7372-40BD-A45B-C8136D371BFB}.Release|ARM64.ActiveCfg = Release|Any CPU
		{FCB168AC-7372-40BD-A45B-C8136D371BFB}.Release|ARM64.Build.0 = Release|Any CPU
		{FCB168AC-7372-40BD-A45B-C8136D371BFB}.Release|x64.ActiveCfg = Release|Any CPU
		{FCB168AC-7372-40BD-A45B-C8136D371BFB}.Release|x64.Build.0 = Release|Any CPU
		{FCB168AC-7372-40BD-A45B-C8136D371BFB}.Release|x86.ActiveCfg = Release|Any CPU
		{FCB168AC-7372-40BD-A45B-C8136D371BFB}.Release|x86.Build.0 = Release|Any CPU
		{CDB94DDE-FFAD-4A72-B366-17E552C1EB37}.Debug|Any CPU.ActiveCfg = Debug|Any CPU
		{CDB94DDE-FFAD-4A72-B366-17E552C1EB37}.Debug|Any CPU.Build.0 = Debug|Any CPU
		{CDB94DDE-FFAD-4A72-B366-17E552C1EB37}.Debug|ARM.ActiveCfg = Debug|Any CPU
		{CDB94DDE-FFAD-4A72-B366-17E552C1EB37}.Debug|ARM.Build.0 = Debug|Any CPU
		{CDB94DDE-FFAD-4A72-B366-17E552C1EB37}.Debug|ARM64.ActiveCfg = Debug|Any CPU
		{CDB94DDE-FFAD-4A72-B366-17E552C1EB37}.Debug|ARM64.Build.0 = Debug|Any CPU
		{CDB94DDE-FFAD-4A72-B366-17E552C1EB37}.Debug|x64.ActiveCfg = Debug|Any CPU
		{CDB94DDE-FFAD-4A72-B366-17E552C1EB37}.Debug|x64.Build.0 = Debug|Any CPU
		{CDB94DDE-FFAD-4A72-B366-17E552C1EB37}.Debug|x86.ActiveCfg = Debug|Any CPU
		{CDB94DDE-FFAD-4A72-B366-17E552C1EB37}.Debug|x86.Build.0 = Debug|Any CPU
		{CDB94DDE-FFAD-4A72-B366-17E552C1EB37}.Release|Any CPU.ActiveCfg = Release|Any CPU
		{CDB94DDE-FFAD-4A72-B366-17E552C1EB37}.Release|Any CPU.Build.0 = Release|Any CPU
		{CDB94DDE-FFAD-4A72-B366-17E552C1EB37}.Release|ARM.ActiveCfg = Release|Any CPU
		{CDB94DDE-FFAD-4A72-B366-17E552C1EB37}.Release|ARM.Build.0 = Release|Any CPU
		{CDB94DDE-FFAD-4A72-B366-17E552C1EB37}.Release|ARM64.ActiveCfg = Release|Any CPU
		{CDB94DDE-FFAD-4A72-B366-17E552C1EB37}.Release|ARM64.Build.0 = Release|Any CPU
		{CDB94DDE-FFAD-4A72-B366-17E552C1EB37}.Release|x64.ActiveCfg = Release|Any CPU
		{CDB94DDE-FFAD-4A72-B366-17E552C1EB37}.Release|x64.Build.0 = Release|Any CPU
		{CDB94DDE-FFAD-4A72-B366-17E552C1EB37}.Release|x86.ActiveCfg = Release|Any CPU
		{CDB94DDE-FFAD-4A72-B366-17E552C1EB37}.Release|x86.Build.0 = Release|Any CPU
		{5F691CE0-090B-4158-B266-9925E85CEC99}.Debug|Any CPU.ActiveCfg = Debug|Any CPU
		{5F691CE0-090B-4158-B266-9925E85CEC99}.Debug|Any CPU.Build.0 = Debug|Any CPU
		{5F691CE0-090B-4158-B266-9925E85CEC99}.Debug|ARM.ActiveCfg = Debug|Any CPU
		{5F691CE0-090B-4158-B266-9925E85CEC99}.Debug|ARM.Build.0 = Debug|Any CPU
		{5F691CE0-090B-4158-B266-9925E85CEC99}.Debug|ARM64.ActiveCfg = Debug|Any CPU
		{5F691CE0-090B-4158-B266-9925E85CEC99}.Debug|ARM64.Build.0 = Debug|Any CPU
		{5F691CE0-090B-4158-B266-9925E85CEC99}.Debug|x64.ActiveCfg = Debug|Any CPU
		{5F691CE0-090B-4158-B266-9925E85CEC99}.Debug|x64.Build.0 = Debug|Any CPU
		{5F691CE0-090B-4158-B266-9925E85CEC99}.Debug|x86.ActiveCfg = Debug|Any CPU
		{5F691CE0-090B-4158-B266-9925E85CEC99}.Debug|x86.Build.0 = Debug|Any CPU
		{5F691CE0-090B-4158-B266-9925E85CEC99}.Release|Any CPU.ActiveCfg = Release|Any CPU
		{5F691CE0-090B-4158-B266-9925E85CEC99}.Release|Any CPU.Build.0 = Release|Any CPU
		{5F691CE0-090B-4158-B266-9925E85CEC99}.Release|ARM.ActiveCfg = Release|Any CPU
		{5F691CE0-090B-4158-B266-9925E85CEC99}.Release|ARM.Build.0 = Release|Any CPU
		{5F691CE0-090B-4158-B266-9925E85CEC99}.Release|ARM64.ActiveCfg = Release|Any CPU
		{5F691CE0-090B-4158-B266-9925E85CEC99}.Release|ARM64.Build.0 = Release|Any CPU
		{5F691CE0-090B-4158-B266-9925E85CEC99}.Release|x64.ActiveCfg = Release|Any CPU
		{5F691CE0-090B-4158-B266-9925E85CEC99}.Release|x64.Build.0 = Release|Any CPU
		{5F691CE0-090B-4158-B266-9925E85CEC99}.Release|x86.ActiveCfg = Release|Any CPU
		{5F691CE0-090B-4158-B266-9925E85CEC99}.Release|x86.Build.0 = Release|Any CPU
		{75C9F8AB-8BE8-4AD7-970F-42AF0B3BB2C2}.Debug|Any CPU.ActiveCfg = Debug|Any CPU
		{75C9F8AB-8BE8-4AD7-970F-42AF0B3BB2C2}.Debug|Any CPU.Build.0 = Debug|Any CPU
		{75C9F8AB-8BE8-4AD7-970F-42AF0B3BB2C2}.Debug|ARM.ActiveCfg = Debug|Any CPU
		{75C9F8AB-8BE8-4AD7-970F-42AF0B3BB2C2}.Debug|ARM.Build.0 = Debug|Any CPU
		{75C9F8AB-8BE8-4AD7-970F-42AF0B3BB2C2}.Debug|ARM64.ActiveCfg = Debug|Any CPU
		{75C9F8AB-8BE8-4AD7-970F-42AF0B3BB2C2}.Debug|ARM64.Build.0 = Debug|Any CPU
		{75C9F8AB-8BE8-4AD7-970F-42AF0B3BB2C2}.Debug|x64.ActiveCfg = Debug|Any CPU
		{75C9F8AB-8BE8-4AD7-970F-42AF0B3BB2C2}.Debug|x64.Build.0 = Debug|Any CPU
		{75C9F8AB-8BE8-4AD7-970F-42AF0B3BB2C2}.Debug|x86.ActiveCfg = Debug|Any CPU
		{75C9F8AB-8BE8-4AD7-970F-42AF0B3BB2C2}.Debug|x86.Build.0 = Debug|Any CPU
		{75C9F8AB-8BE8-4AD7-970F-42AF0B3BB2C2}.Release|Any CPU.ActiveCfg = Release|Any CPU
		{75C9F8AB-8BE8-4AD7-970F-42AF0B3BB2C2}.Release|Any CPU.Build.0 = Release|Any CPU
		{75C9F8AB-8BE8-4AD7-970F-42AF0B3BB2C2}.Release|ARM.ActiveCfg = Release|Any CPU
		{75C9F8AB-8BE8-4AD7-970F-42AF0B3BB2C2}.Release|ARM.Build.0 = Release|Any CPU
		{75C9F8AB-8BE8-4AD7-970F-42AF0B3BB2C2}.Release|ARM64.ActiveCfg = Release|Any CPU
		{75C9F8AB-8BE8-4AD7-970F-42AF0B3BB2C2}.Release|ARM64.Build.0 = Release|Any CPU
		{75C9F8AB-8BE8-4AD7-970F-42AF0B3BB2C2}.Release|x64.ActiveCfg = Release|Any CPU
		{75C9F8AB-8BE8-4AD7-970F-42AF0B3BB2C2}.Release|x64.Build.0 = Release|Any CPU
		{75C9F8AB-8BE8-4AD7-970F-42AF0B3BB2C2}.Release|x86.ActiveCfg = Release|Any CPU
		{75C9F8AB-8BE8-4AD7-970F-42AF0B3BB2C2}.Release|x86.Build.0 = Release|Any CPU
	EndGlobalSection
	GlobalSection(SolutionProperties) = preSolution
		HideSolutionNode = FALSE
	EndGlobalSection
	GlobalSection(NestedProjects) = preSolution
		{73BD9141-D541-4402-A3CA-EDE59D56245F} = {D480F081-C74D-4E04-B6EE-22D381733E28}
		{E635F173-B045-419B-919A-EF69E52973BA} = {D480F081-C74D-4E04-B6EE-22D381733E28}
		{447081DD-5DF1-4EA0-A21E-DB967AE35F98} = {9B910863-B3EA-43ED-BA7B-A85B2D28E8F3}
		{8274B93E-6A9D-48E8-A799-F3457B4A4CD1} = {9B910863-B3EA-43ED-BA7B-A85B2D28E8F3}
		{767C335A-3A6B-4C18-B1C1-388D293BF2D6} = {427818EC-AD21-46C9-8CD2-EFE5B7CFF9C9}
		{9AE1B69C-881D-48AE-A56F-A784A6997B19} = {427818EC-AD21-46C9-8CD2-EFE5B7CFF9C9}
		{865F368B-0133-40D9-A3D9-F995A9D7050B} = {EA8A5B69-1C4E-4B1E-AE3A-D4C305C68EE7}
		{3E6D30B4-0729-48B6-BBEE-7BAF3D5828D6} = {EA8A5B69-1C4E-4B1E-AE3A-D4C305C68EE7}
		{E463569F-6065-43CC-B3C9-1DF5058FFA0D} = {9B910863-B3EA-43ED-BA7B-A85B2D28E8F3}
		{96ABC0F9-497D-4FDE-A8DC-4106E55D8AA7} = {E71DBA6A-B390-45D3-9D4C-28AB39C32974}
		{E9F0DC89-0C05-4313-A204-3D1448AB6668} = {D480F081-C74D-4E04-B6EE-22D381733E28}
		{9FD80F70-5662-401F-A6B5-A8C1F5CA55C3} = {EA8A5B69-1C4E-4B1E-AE3A-D4C305C68EE7}
		{BAD176C9-454C-4F82-96D0-055E0B46821E} = {427818EC-AD21-46C9-8CD2-EFE5B7CFF9C9}
		{8E435FE0-9CAC-4399-B0CA-C3E5A40E087A} = {FF409245-B213-4419-B907-3A16C0D6A1EB}
		{D0D3F19C-A794-44B3-A367-E21373D69DD9} = {FF409245-B213-4419-B907-3A16C0D6A1EB}
		{ADCFD431-1013-4B5B-89F6-C3F623ABF086} = {FF409245-B213-4419-B907-3A16C0D6A1EB}
		{7F150B37-D21A-40C4-86D2-A129E65AEF4E} = {830CF67F-37F5-48B0-B443-3408C7F4C55D}
		{499AAC54-6552-4CF1-9964-5C5ED73CBD3B} = {830CF67F-37F5-48B0-B443-3408C7F4C55D}
		{A0FABBF3-4CA9-4B32-A200-D009D407838E} = {830CF67F-37F5-48B0-B443-3408C7F4C55D}
		{FBD0F293-E011-4A1B-B697-750D271A1017} = {830CF67F-37F5-48B0-B443-3408C7F4C55D}
		{9982217B-8C6D-4643-9225-99D33A4E1ABE} = {9B910863-B3EA-43ED-BA7B-A85B2D28E8F3}
		{9B438AD2-C654-4C96-B6D8-22C96D21DD82} = {EA8A5B69-1C4E-4B1E-AE3A-D4C305C68EE7}
		{DAA4538C-12C0-40F1-AE81-79B8D01AF27F} = {427818EC-AD21-46C9-8CD2-EFE5B7CFF9C9}
		{815D0679-23E2-49BA-BD71-F28570DDA121} = {42084072-C545-4EE1-970B-E5690E23A2F6}
		{F9A6A8DC-B548-496C-99D3-E34765E5E79A} = {42084072-C545-4EE1-970B-E5690E23A2F6}
		{204E71C3-F104-4876-8A47-7B9F06BF2987} = {42084072-C545-4EE1-970B-E5690E23A2F6}
		{9EB0545E-18ED-4291-9047-48A33D34C01C} = {EA8A5B69-1C4E-4B1E-AE3A-D4C305C68EE7}
		{E5E4F9C5-0D05-4168-BFB9-C65604A54E1C} = {9EB0545E-18ED-4291-9047-48A33D34C01C}
		{22145DC5-1303-4A07-A61B-6B56E5EC0980} = {E5E4F9C5-0D05-4168-BFB9-C65604A54E1C}
		{A7FD2459-6FD5-4D1D-9410-E994ABAFF189} = {D480F081-C74D-4E04-B6EE-22D381733E28}
		{34F24B28-6D9E-4D09-8A76-67D8E0E67C6A} = {9B910863-B3EA-43ED-BA7B-A85B2D28E8F3}
		{CA09CBB2-F3D4-43DA-8635-9A79895C1E01} = {FF409245-B213-4419-B907-3A16C0D6A1EB}
		{21710D10-CBBF-48F7-92A1-583322E3B9EB} = {427818EC-AD21-46C9-8CD2-EFE5B7CFF9C9}
		{2649F94D-C568-4606-9B6E-BF6C215214DB} = {830CF67F-37F5-48B0-B443-3408C7F4C55D}
		{3DF9D6DF-3BF5-47A6-B6EE-CA2ADDEFE50F} = {42084072-C545-4EE1-970B-E5690E23A2F6}
		{8E1F3D64-7A23-46CC-A38C-D4BDC95E74AF} = {A7FD2459-6FD5-4D1D-9410-E994ABAFF189}
		{E66EFBB0-3B07-4526-8EAC-C72366450684} = {8E1F3D64-7A23-46CC-A38C-D4BDC95E74AF}
		{A5214E94-3129-4B9D-9A60-F30A536A065B} = {34F24B28-6D9E-4D09-8A76-67D8E0E67C6A}
		{AD28B155-1312-470E-8E7F-F2CED76F8139} = {A5214E94-3129-4B9D-9A60-F30A536A065B}
		{0E77B217-B1B7-40C3-87F1-7FFAA9EAB0AF} = {21710D10-CBBF-48F7-92A1-583322E3B9EB}
		{FCB168AC-7372-40BD-A45B-C8136D371BFB} = {0E77B217-B1B7-40C3-87F1-7FFAA9EAB0AF}
		{2A13155D-D283-407B-8FC7-D483359727CE} = {2649F94D-C568-4606-9B6E-BF6C215214DB}
		{CDB94DDE-FFAD-4A72-B366-17E552C1EB37} = {2A13155D-D283-407B-8FC7-D483359727CE}
		{2D97223B-00BA-49CC-AD38-63472145DDA5} = {3DF9D6DF-3BF5-47A6-B6EE-CA2ADDEFE50F}
		{5F691CE0-090B-4158-B266-9925E85CEC99} = {2D97223B-00BA-49CC-AD38-63472145DDA5}
		{75C9F8AB-8BE8-4AD7-970F-42AF0B3BB2C2} = {FF409245-B213-4419-B907-3A16C0D6A1EB}
	EndGlobalSection
	GlobalSection(ExtensibilityGlobals) = postSolution
		SolutionGuid = {36B38213-C567-45EE-ACC4-AB6475276B01}
	EndGlobalSection
EndGlobal
